Microsoft Visual Studio Solution File, Format Version 12.00
# Visual Studio 15
VisualStudioVersion = 15.0.26123.0
MinimumVisualStudioVersion = 10.0.40219.1
Project("{2150E333-8FDC-42A3-9474-1A3956D46DE8}") = "samples", "samples", "{DAAE4C74-D06F-4874-A166-33305D2643CE}"
EndProject
Project("{2150E333-8FDC-42A3-9474-1A3956D46DE8}") = "src", "src", "{32285FA4-6B46-4D6B-A840-2B13E4C8B58E}"
EndProject
Project("{2150E333-8FDC-42A3-9474-1A3956D46DE8}") = "test", "test", "{3BA657BF-28B1-42DA-B5B0-1C4601FCF7B1}"
EndProject
Project("{2150E333-8FDC-42A3-9474-1A3956D46DE8}") = "Solution Items", "Solution Items", "{FAD65E9C-3CF3-4F68-9757-C7358604030B}"
	ProjectSection(SolutionItems) = preProject
		build\common.props = build\common.props
		NuGet.config = NuGet.config
	EndProjectSection
EndProject
Project("{9A19103F-16F7-4668-BE54-9A1E7A4F7556}") = "Microsoft.AspNetCore.Mvc", "src\Microsoft.AspNetCore.Mvc\Microsoft.AspNetCore.Mvc.csproj", "{5BCEAF76-3A02-4D98-9DD7-9B2AEC598EFC}"
EndProject
Project("{9A19103F-16F7-4668-BE54-9A1E7A4F7556}") = "Microsoft.AspNetCore.Mvc.Abstractions", "src\Microsoft.AspNetCore.Mvc.Abstractions\Microsoft.AspNetCore.Mvc.Abstractions.csproj", "{2E54C457-F1BD-4447-8F25-7A4451F5754B}"
EndProject
Project("{9A19103F-16F7-4668-BE54-9A1E7A4F7556}") = "Microsoft.AspNetCore.Mvc.ApiExplorer", "src\Microsoft.AspNetCore.Mvc.ApiExplorer\Microsoft.AspNetCore.Mvc.ApiExplorer.csproj", "{EBD962EE-84A1-4B10-887B-456499FA81CF}"
EndProject
Project("{9A19103F-16F7-4668-BE54-9A1E7A4F7556}") = "Microsoft.AspNetCore.Mvc.Core", "src\Microsoft.AspNetCore.Mvc.Core\Microsoft.AspNetCore.Mvc.Core.csproj", "{1FC7897A-8731-4792-9678-B575C99AF90C}"
EndProject
Project("{9A19103F-16F7-4668-BE54-9A1E7A4F7556}") = "Microsoft.AspNetCore.Mvc.Cors", "src\Microsoft.AspNetCore.Mvc.Cors\Microsoft.AspNetCore.Mvc.Cors.csproj", "{30A1F8BA-4AEB-4F09-8B03-2489DCA92863}"
EndProject
Project("{9A19103F-16F7-4668-BE54-9A1E7A4F7556}") = "Microsoft.AspNetCore.Mvc.DataAnnotations", "src\Microsoft.AspNetCore.Mvc.DataAnnotations\Microsoft.AspNetCore.Mvc.DataAnnotations.csproj", "{72CC5CC4-79C0-47AF-997D-AE591AE04F89}"
EndProject
Project("{9A19103F-16F7-4668-BE54-9A1E7A4F7556}") = "Microsoft.AspNetCore.Mvc.Formatters.Json", "src\Microsoft.AspNetCore.Mvc.Formatters.Json\Microsoft.AspNetCore.Mvc.Formatters.Json.csproj", "{03D3628D-2673-467C-85E8-BB65D8260F98}"
EndProject
Project("{9A19103F-16F7-4668-BE54-9A1E7A4F7556}") = "Microsoft.AspNetCore.Mvc.Formatters.Xml", "src\Microsoft.AspNetCore.Mvc.Formatters.Xml\Microsoft.AspNetCore.Mvc.Formatters.Xml.csproj", "{BD3AAE30-5E69-4AC0-8577-420836C8F24A}"
EndProject
Project("{9A19103F-16F7-4668-BE54-9A1E7A4F7556}") = "Microsoft.AspNetCore.Mvc.Localization", "src\Microsoft.AspNetCore.Mvc.Localization\Microsoft.AspNetCore.Mvc.Localization.csproj", "{518B318C-511B-4736-BBAB-11E05BD6A573}"
EndProject
Project("{9A19103F-16F7-4668-BE54-9A1E7A4F7556}") = "Microsoft.AspNetCore.Mvc.Razor", "src\Microsoft.AspNetCore.Mvc.Razor\Microsoft.AspNetCore.Mvc.Razor.csproj", "{AE4BB52E-260F-42C5-A8AA-D99BA7C937A3}"
EndProject
Project("{9A19103F-16F7-4668-BE54-9A1E7A4F7556}") = "Microsoft.AspNetCore.Mvc.Razor.Host", "src\Microsoft.AspNetCore.Mvc.Razor.Host\Microsoft.AspNetCore.Mvc.Razor.Host.csproj", "{BD62A2AF-C124-4158-A479-F060D110B2D3}"
EndProject
Project("{9A19103F-16F7-4668-BE54-9A1E7A4F7556}") = "Microsoft.AspNetCore.Mvc.RazorPages", "src\Microsoft.AspNetCore.Mvc.RazorPages\Microsoft.AspNetCore.Mvc.RazorPages.csproj", "{8BA9B0F7-F655-48EC-B041-CAE10884A9F6}"
EndProject
Project("{9A19103F-16F7-4668-BE54-9A1E7A4F7556}") = "Microsoft.AspNetCore.Mvc.TagHelpers", "src\Microsoft.AspNetCore.Mvc.TagHelpers\Microsoft.AspNetCore.Mvc.TagHelpers.csproj", "{7AAABF14-0062-406E-A977-1383975E21BA}"
EndProject
Project("{9A19103F-16F7-4668-BE54-9A1E7A4F7556}") = "Microsoft.AspNetCore.Mvc.ViewFeatures", "src\Microsoft.AspNetCore.Mvc.ViewFeatures\Microsoft.AspNetCore.Mvc.ViewFeatures.csproj", "{84EB47C5-3E04-4E36-8306-0F16CDA5F3D1}"
EndProject
Project("{9A19103F-16F7-4668-BE54-9A1E7A4F7556}") = "Microsoft.AspNetCore.Mvc.WebApiCompatShim", "src\Microsoft.AspNetCore.Mvc.WebApiCompatShim\Microsoft.AspNetCore.Mvc.WebApiCompatShim.csproj", "{CCBB368D-72E5-4956-8098-F3D257FC2796}"
EndProject
Project("{9A19103F-16F7-4668-BE54-9A1E7A4F7556}") = "Microsoft.AspNetCore.Mvc.Abstractions.Test", "test\Microsoft.AspNetCore.Mvc.Abstractions.Test\Microsoft.AspNetCore.Mvc.Abstractions.Test.csproj", "{A9F610FE-68B2-4C7F-B86E-2CE1C871F31E}"
EndProject
Project("{9A19103F-16F7-4668-BE54-9A1E7A4F7556}") = "Microsoft.AspNetCore.Mvc.ApiExplorer.Test", "test\Microsoft.AspNetCore.Mvc.ApiExplorer.Test\Microsoft.AspNetCore.Mvc.ApiExplorer.Test.csproj", "{F7AEC322-8737-491F-B35E-A0EEB947CC9C}"
EndProject
Project("{9A19103F-16F7-4668-BE54-9A1E7A4F7556}") = "Microsoft.AspNetCore.Mvc.Core.Test", "test\Microsoft.AspNetCore.Mvc.Core.Test\Microsoft.AspNetCore.Mvc.Core.Test.csproj", "{3A43524B-D257-48E6-BF4E-7E85A6000328}"
EndProject
Project("{9A19103F-16F7-4668-BE54-9A1E7A4F7556}") = "Microsoft.AspNetCore.Mvc.Cors.Test", "test\Microsoft.AspNetCore.Mvc.Cors.Test\Microsoft.AspNetCore.Mvc.Cors.Test.csproj", "{C88BF07A-D979-45E1-B290-0ECAC7C69230}"
EndProject
Project("{9A19103F-16F7-4668-BE54-9A1E7A4F7556}") = "Microsoft.AspNetCore.Mvc.DataAnnotations.Test", "test\Microsoft.AspNetCore.Mvc.DataAnnotations.Test\Microsoft.AspNetCore.Mvc.DataAnnotations.Test.csproj", "{2064E341-3987-4A0F-93D6-AFECA03D3AC9}"
EndProject
Project("{9A19103F-16F7-4668-BE54-9A1E7A4F7556}") = "Microsoft.AspNetCore.Mvc.Formatters.Json.Test", "test\Microsoft.AspNetCore.Mvc.Formatters.Json.Test\Microsoft.AspNetCore.Mvc.Formatters.Json.Test.csproj", "{474B2928-45D9-48AF-987E-D21D40C65985}"
EndProject
Project("{9A19103F-16F7-4668-BE54-9A1E7A4F7556}") = "Microsoft.AspNetCore.Mvc.Formatters.Xml.Test", "test\Microsoft.AspNetCore.Mvc.Formatters.Xml.Test\Microsoft.AspNetCore.Mvc.Formatters.Xml.Test.csproj", "{93EDA16F-3DA6-4802-8AE4-33A1875FD903}"
EndProject
Project("{9A19103F-16F7-4668-BE54-9A1E7A4F7556}") = "Microsoft.AspNetCore.Mvc.IntegrationTests", "test\Microsoft.AspNetCore.Mvc.IntegrationTests\Microsoft.AspNetCore.Mvc.IntegrationTests.csproj", "{82992538-6F94-41F0-B4DF-B46F0DFE69B7}"
EndProject
Project("{9A19103F-16F7-4668-BE54-9A1E7A4F7556}") = "Microsoft.AspNetCore.Mvc.Localization.Test", "test\Microsoft.AspNetCore.Mvc.Localization.Test\Microsoft.AspNetCore.Mvc.Localization.Test.csproj", "{BA9AA00C-F3F0-4BE2-A130-24A8A2374E3F}"
EndProject
Project("{9A19103F-16F7-4668-BE54-9A1E7A4F7556}") = "Microsoft.AspNetCore.Mvc.Razor.Host.Test", "test\Microsoft.AspNetCore.Mvc.Razor.Host.Test\Microsoft.AspNetCore.Mvc.Razor.Host.Test.csproj", "{32895FD5-D270-48BE-87F1-36062F4B6D36}"
EndProject
Project("{9A19103F-16F7-4668-BE54-9A1E7A4F7556}") = "Microsoft.AspNetCore.Mvc.Razor.Test", "test\Microsoft.AspNetCore.Mvc.Razor.Test\Microsoft.AspNetCore.Mvc.Razor.Test.csproj", "{17F72D60-72D0-4721-9F00-7710EB0941A1}"
EndProject
Project("{9A19103F-16F7-4668-BE54-9A1E7A4F7556}") = "Microsoft.AspNetCore.Mvc.RazorPages.Test", "test\Microsoft.AspNetCore.Mvc.RazorPages.Test\Microsoft.AspNetCore.Mvc.RazorPages.Test.csproj", "{D609B9E6-4FBD-4132-B14F-D0CEA50F38E8}"
EndProject
Project("{9A19103F-16F7-4668-BE54-9A1E7A4F7556}") = "Microsoft.AspNetCore.Mvc.TagHelpers.Test", "test\Microsoft.AspNetCore.Mvc.TagHelpers.Test\Microsoft.AspNetCore.Mvc.TagHelpers.Test.csproj", "{7D8A91CD-5D7A-476C-ADD0-DB3B71401CAA}"
EndProject
Project("{9A19103F-16F7-4668-BE54-9A1E7A4F7556}") = "Microsoft.AspNetCore.Mvc.Test", "test\Microsoft.AspNetCore.Mvc.Test\Microsoft.AspNetCore.Mvc.Test.csproj", "{95AAB621-44BF-431D-ABE1-C857F403C56B}"
EndProject
Project("{9A19103F-16F7-4668-BE54-9A1E7A4F7556}") = "Microsoft.AspNetCore.Mvc.TestCommon", "test\Microsoft.AspNetCore.Mvc.TestCommon\Microsoft.AspNetCore.Mvc.TestCommon.csproj", "{092238BC-13C9-468E-85E9-BF209FC7F3A0}"
EndProject
Project("{9A19103F-16F7-4668-BE54-9A1E7A4F7556}") = "Microsoft.AspNetCore.Mvc.ViewFeatures.Test", "test\Microsoft.AspNetCore.Mvc.ViewFeatures.Test\Microsoft.AspNetCore.Mvc.ViewFeatures.Test.csproj", "{D3192BEA-DD1F-4A99-9803-71525864081C}"
EndProject
Project("{9A19103F-16F7-4668-BE54-9A1E7A4F7556}") = "Microsoft.AspNetCore.Mvc.WebApiCompatShimTest", "test\Microsoft.AspNetCore.Mvc.WebApiCompatShimTest\Microsoft.AspNetCore.Mvc.WebApiCompatShimTest.csproj", "{3396133D-4E10-4101-9048-69D11AABD732}"
EndProject
Project("{9A19103F-16F7-4668-BE54-9A1E7A4F7556}") = "MvcSandbox", "samples\MvcSandbox\MvcSandbox.csproj", "{0F949777-3907-4A67-B5BA-EAC8CD61E5C1}"
EndProject
Global
	GlobalSection(SolutionConfigurationPlatforms) = preSolution
		Debug|Any CPU = Debug|Any CPU
		Debug|Mixed Platforms = Debug|Mixed Platforms
		Debug|x64 = Debug|x64
		Debug|x86 = Debug|x86
		Release|Any CPU = Release|Any CPU
		Release|Mixed Platforms = Release|Mixed Platforms
		Release|x64 = Release|x64
		Release|x86 = Release|x86
	EndGlobalSection
	GlobalSection(ProjectConfigurationPlatforms) = postSolution
		{5BCEAF76-3A02-4D98-9DD7-9B2AEC598EFC}.Debug|Any CPU.ActiveCfg = Debug|Any CPU
		{5BCEAF76-3A02-4D98-9DD7-9B2AEC598EFC}.Debug|Any CPU.Build.0 = Debug|Any CPU
		{5BCEAF76-3A02-4D98-9DD7-9B2AEC598EFC}.Debug|Mixed Platforms.ActiveCfg = Debug|x86
		{5BCEAF76-3A02-4D98-9DD7-9B2AEC598EFC}.Debug|Mixed Platforms.Build.0 = Debug|x86
		{5BCEAF76-3A02-4D98-9DD7-9B2AEC598EFC}.Debug|x64.ActiveCfg = Debug|x64
		{5BCEAF76-3A02-4D98-9DD7-9B2AEC598EFC}.Debug|x64.Build.0 = Debug|x64
		{5BCEAF76-3A02-4D98-9DD7-9B2AEC598EFC}.Debug|x86.ActiveCfg = Debug|x86
		{5BCEAF76-3A02-4D98-9DD7-9B2AEC598EFC}.Debug|x86.Build.0 = Debug|x86
		{5BCEAF76-3A02-4D98-9DD7-9B2AEC598EFC}.Release|Any CPU.ActiveCfg = Release|Any CPU
		{5BCEAF76-3A02-4D98-9DD7-9B2AEC598EFC}.Release|Any CPU.Build.0 = Release|Any CPU
		{5BCEAF76-3A02-4D98-9DD7-9B2AEC598EFC}.Release|Mixed Platforms.ActiveCfg = Release|x86
		{5BCEAF76-3A02-4D98-9DD7-9B2AEC598EFC}.Release|Mixed Platforms.Build.0 = Release|x86
		{5BCEAF76-3A02-4D98-9DD7-9B2AEC598EFC}.Release|x64.ActiveCfg = Release|x64
		{5BCEAF76-3A02-4D98-9DD7-9B2AEC598EFC}.Release|x64.Build.0 = Release|x64
		{5BCEAF76-3A02-4D98-9DD7-9B2AEC598EFC}.Release|x86.ActiveCfg = Release|x86
		{5BCEAF76-3A02-4D98-9DD7-9B2AEC598EFC}.Release|x86.Build.0 = Release|x86
		{2E54C457-F1BD-4447-8F25-7A4451F5754B}.Debug|Any CPU.ActiveCfg = Debug|Any CPU
		{2E54C457-F1BD-4447-8F25-7A4451F5754B}.Debug|Any CPU.Build.0 = Debug|Any CPU
		{2E54C457-F1BD-4447-8F25-7A4451F5754B}.Debug|Mixed Platforms.ActiveCfg = Debug|x86
		{2E54C457-F1BD-4447-8F25-7A4451F5754B}.Debug|Mixed Platforms.Build.0 = Debug|x86
		{2E54C457-F1BD-4447-8F25-7A4451F5754B}.Debug|x64.ActiveCfg = Debug|x64
		{2E54C457-F1BD-4447-8F25-7A4451F5754B}.Debug|x64.Build.0 = Debug|x64
		{2E54C457-F1BD-4447-8F25-7A4451F5754B}.Debug|x86.ActiveCfg = Debug|x86
		{2E54C457-F1BD-4447-8F25-7A4451F5754B}.Debug|x86.Build.0 = Debug|x86
		{2E54C457-F1BD-4447-8F25-7A4451F5754B}.Release|Any CPU.ActiveCfg = Release|Any CPU
		{2E54C457-F1BD-4447-8F25-7A4451F5754B}.Release|Any CPU.Build.0 = Release|Any CPU
		{2E54C457-F1BD-4447-8F25-7A4451F5754B}.Release|Mixed Platforms.ActiveCfg = Release|x86
		{2E54C457-F1BD-4447-8F25-7A4451F5754B}.Release|Mixed Platforms.Build.0 = Release|x86
		{2E54C457-F1BD-4447-8F25-7A4451F5754B}.Release|x64.ActiveCfg = Release|x64
		{2E54C457-F1BD-4447-8F25-7A4451F5754B}.Release|x64.Build.0 = Release|x64
		{2E54C457-F1BD-4447-8F25-7A4451F5754B}.Release|x86.ActiveCfg = Release|x86
		{2E54C457-F1BD-4447-8F25-7A4451F5754B}.Release|x86.Build.0 = Release|x86
		{EBD962EE-84A1-4B10-887B-456499FA81CF}.Debug|Any CPU.ActiveCfg = Debug|Any CPU
		{EBD962EE-84A1-4B10-887B-456499FA81CF}.Debug|Any CPU.Build.0 = Debug|Any CPU
		{EBD962EE-84A1-4B10-887B-456499FA81CF}.Debug|Mixed Platforms.ActiveCfg = Debug|x86
		{EBD962EE-84A1-4B10-887B-456499FA81CF}.Debug|Mixed Platforms.Build.0 = Debug|x86
		{EBD962EE-84A1-4B10-887B-456499FA81CF}.Debug|x64.ActiveCfg = Debug|x64
		{EBD962EE-84A1-4B10-887B-456499FA81CF}.Debug|x64.Build.0 = Debug|x64
		{EBD962EE-84A1-4B10-887B-456499FA81CF}.Debug|x86.ActiveCfg = Debug|x86
		{EBD962EE-84A1-4B10-887B-456499FA81CF}.Debug|x86.Build.0 = Debug|x86
		{EBD962EE-84A1-4B10-887B-456499FA81CF}.Release|Any CPU.ActiveCfg = Release|Any CPU
		{EBD962EE-84A1-4B10-887B-456499FA81CF}.Release|Any CPU.Build.0 = Release|Any CPU
		{EBD962EE-84A1-4B10-887B-456499FA81CF}.Release|Mixed Platforms.ActiveCfg = Release|x86
		{EBD962EE-84A1-4B10-887B-456499FA81CF}.Release|Mixed Platforms.Build.0 = Release|x86
		{EBD962EE-84A1-4B10-887B-456499FA81CF}.Release|x64.ActiveCfg = Release|x64
		{EBD962EE-84A1-4B10-887B-456499FA81CF}.Release|x64.Build.0 = Release|x64
		{EBD962EE-84A1-4B10-887B-456499FA81CF}.Release|x86.ActiveCfg = Release|x86
		{EBD962EE-84A1-4B10-887B-456499FA81CF}.Release|x86.Build.0 = Release|x86
		{1FC7897A-8731-4792-9678-B575C99AF90C}.Debug|Any CPU.ActiveCfg = Debug|Any CPU
		{1FC7897A-8731-4792-9678-B575C99AF90C}.Debug|Any CPU.Build.0 = Debug|Any CPU
		{1FC7897A-8731-4792-9678-B575C99AF90C}.Debug|Mixed Platforms.ActiveCfg = Debug|x86
		{1FC7897A-8731-4792-9678-B575C99AF90C}.Debug|Mixed Platforms.Build.0 = Debug|x86
		{1FC7897A-8731-4792-9678-B575C99AF90C}.Debug|x64.ActiveCfg = Debug|x64
		{1FC7897A-8731-4792-9678-B575C99AF90C}.Debug|x64.Build.0 = Debug|x64
		{1FC7897A-8731-4792-9678-B575C99AF90C}.Debug|x86.ActiveCfg = Debug|x86
		{1FC7897A-8731-4792-9678-B575C99AF90C}.Debug|x86.Build.0 = Debug|x86
		{1FC7897A-8731-4792-9678-B575C99AF90C}.Release|Any CPU.ActiveCfg = Release|Any CPU
		{1FC7897A-8731-4792-9678-B575C99AF90C}.Release|Any CPU.Build.0 = Release|Any CPU
		{1FC7897A-8731-4792-9678-B575C99AF90C}.Release|Mixed Platforms.ActiveCfg = Release|x86
		{1FC7897A-8731-4792-9678-B575C99AF90C}.Release|Mixed Platforms.Build.0 = Release|x86
		{1FC7897A-8731-4792-9678-B575C99AF90C}.Release|x64.ActiveCfg = Release|x64
		{1FC7897A-8731-4792-9678-B575C99AF90C}.Release|x64.Build.0 = Release|x64
		{1FC7897A-8731-4792-9678-B575C99AF90C}.Release|x86.ActiveCfg = Release|x86
		{1FC7897A-8731-4792-9678-B575C99AF90C}.Release|x86.Build.0 = Release|x86
		{30A1F8BA-4AEB-4F09-8B03-2489DCA92863}.Debug|Any CPU.ActiveCfg = Debug|Any CPU
		{30A1F8BA-4AEB-4F09-8B03-2489DCA92863}.Debug|Any CPU.Build.0 = Debug|Any CPU
		{30A1F8BA-4AEB-4F09-8B03-2489DCA92863}.Debug|Mixed Platforms.ActiveCfg = Debug|x86
		{30A1F8BA-4AEB-4F09-8B03-2489DCA92863}.Debug|Mixed Platforms.Build.0 = Debug|x86
		{30A1F8BA-4AEB-4F09-8B03-2489DCA92863}.Debug|x64.ActiveCfg = Debug|x64
		{30A1F8BA-4AEB-4F09-8B03-2489DCA92863}.Debug|x64.Build.0 = Debug|x64
		{30A1F8BA-4AEB-4F09-8B03-2489DCA92863}.Debug|x86.ActiveCfg = Debug|x86
		{30A1F8BA-4AEB-4F09-8B03-2489DCA92863}.Debug|x86.Build.0 = Debug|x86
		{30A1F8BA-4AEB-4F09-8B03-2489DCA92863}.Release|Any CPU.ActiveCfg = Release|Any CPU
		{30A1F8BA-4AEB-4F09-8B03-2489DCA92863}.Release|Any CPU.Build.0 = Release|Any CPU
		{30A1F8BA-4AEB-4F09-8B03-2489DCA92863}.Release|Mixed Platforms.ActiveCfg = Release|x86
		{30A1F8BA-4AEB-4F09-8B03-2489DCA92863}.Release|Mixed Platforms.Build.0 = Release|x86
		{30A1F8BA-4AEB-4F09-8B03-2489DCA92863}.Release|x64.ActiveCfg = Release|x64
		{30A1F8BA-4AEB-4F09-8B03-2489DCA92863}.Release|x64.Build.0 = Release|x64
		{30A1F8BA-4AEB-4F09-8B03-2489DCA92863}.Release|x86.ActiveCfg = Release|x86
		{30A1F8BA-4AEB-4F09-8B03-2489DCA92863}.Release|x86.Build.0 = Release|x86
		{72CC5CC4-79C0-47AF-997D-AE591AE04F89}.Debug|Any CPU.ActiveCfg = Debug|Any CPU
		{72CC5CC4-79C0-47AF-997D-AE591AE04F89}.Debug|Any CPU.Build.0 = Debug|Any CPU
		{72CC5CC4-79C0-47AF-997D-AE591AE04F89}.Debug|Mixed Platforms.ActiveCfg = Debug|x86
		{72CC5CC4-79C0-47AF-997D-AE591AE04F89}.Debug|Mixed Platforms.Build.0 = Debug|x86
		{72CC5CC4-79C0-47AF-997D-AE591AE04F89}.Debug|x64.ActiveCfg = Debug|x64
		{72CC5CC4-79C0-47AF-997D-AE591AE04F89}.Debug|x64.Build.0 = Debug|x64
		{72CC5CC4-79C0-47AF-997D-AE591AE04F89}.Debug|x86.ActiveCfg = Debug|x86
		{72CC5CC4-79C0-47AF-997D-AE591AE04F89}.Debug|x86.Build.0 = Debug|x86
		{72CC5CC4-79C0-47AF-997D-AE591AE04F89}.Release|Any CPU.ActiveCfg = Release|Any CPU
		{72CC5CC4-79C0-47AF-997D-AE591AE04F89}.Release|Any CPU.Build.0 = Release|Any CPU
		{72CC5CC4-79C0-47AF-997D-AE591AE04F89}.Release|Mixed Platforms.ActiveCfg = Release|x86
		{72CC5CC4-79C0-47AF-997D-AE591AE04F89}.Release|Mixed Platforms.Build.0 = Release|x86
		{72CC5CC4-79C0-47AF-997D-AE591AE04F89}.Release|x64.ActiveCfg = Release|x64
		{72CC5CC4-79C0-47AF-997D-AE591AE04F89}.Release|x64.Build.0 = Release|x64
		{72CC5CC4-79C0-47AF-997D-AE591AE04F89}.Release|x86.ActiveCfg = Release|x86
		{72CC5CC4-79C0-47AF-997D-AE591AE04F89}.Release|x86.Build.0 = Release|x86
		{03D3628D-2673-467C-85E8-BB65D8260F98}.Debug|Any CPU.ActiveCfg = Debug|Any CPU
		{03D3628D-2673-467C-85E8-BB65D8260F98}.Debug|Any CPU.Build.0 = Debug|Any CPU
		{03D3628D-2673-467C-85E8-BB65D8260F98}.Debug|Mixed Platforms.ActiveCfg = Debug|x86
		{03D3628D-2673-467C-85E8-BB65D8260F98}.Debug|Mixed Platforms.Build.0 = Debug|x86
		{03D3628D-2673-467C-85E8-BB65D8260F98}.Debug|x64.ActiveCfg = Debug|x64
		{03D3628D-2673-467C-85E8-BB65D8260F98}.Debug|x64.Build.0 = Debug|x64
		{03D3628D-2673-467C-85E8-BB65D8260F98}.Debug|x86.ActiveCfg = Debug|x86
		{03D3628D-2673-467C-85E8-BB65D8260F98}.Debug|x86.Build.0 = Debug|x86
		{03D3628D-2673-467C-85E8-BB65D8260F98}.Release|Any CPU.ActiveCfg = Release|Any CPU
		{03D3628D-2673-467C-85E8-BB65D8260F98}.Release|Any CPU.Build.0 = Release|Any CPU
		{03D3628D-2673-467C-85E8-BB65D8260F98}.Release|Mixed Platforms.ActiveCfg = Release|x86
		{03D3628D-2673-467C-85E8-BB65D8260F98}.Release|Mixed Platforms.Build.0 = Release|x86
		{03D3628D-2673-467C-85E8-BB65D8260F98}.Release|x64.ActiveCfg = Release|x64
		{03D3628D-2673-467C-85E8-BB65D8260F98}.Release|x64.Build.0 = Release|x64
		{03D3628D-2673-467C-85E8-BB65D8260F98}.Release|x86.ActiveCfg = Release|x86
		{03D3628D-2673-467C-85E8-BB65D8260F98}.Release|x86.Build.0 = Release|x86
		{BD3AAE30-5E69-4AC0-8577-420836C8F24A}.Debug|Any CPU.ActiveCfg = Debug|Any CPU
		{BD3AAE30-5E69-4AC0-8577-420836C8F24A}.Debug|Any CPU.Build.0 = Debug|Any CPU
		{BD3AAE30-5E69-4AC0-8577-420836C8F24A}.Debug|Mixed Platforms.ActiveCfg = Debug|x86
		{BD3AAE30-5E69-4AC0-8577-420836C8F24A}.Debug|Mixed Platforms.Build.0 = Debug|x86
		{BD3AAE30-5E69-4AC0-8577-420836C8F24A}.Debug|x64.ActiveCfg = Debug|x64
		{BD3AAE30-5E69-4AC0-8577-420836C8F24A}.Debug|x64.Build.0 = Debug|x64
		{BD3AAE30-5E69-4AC0-8577-420836C8F24A}.Debug|x86.ActiveCfg = Debug|x86
		{BD3AAE30-5E69-4AC0-8577-420836C8F24A}.Debug|x86.Build.0 = Debug|x86
		{BD3AAE30-5E69-4AC0-8577-420836C8F24A}.Release|Any CPU.ActiveCfg = Release|Any CPU
		{BD3AAE30-5E69-4AC0-8577-420836C8F24A}.Release|Any CPU.Build.0 = Release|Any CPU
		{BD3AAE30-5E69-4AC0-8577-420836C8F24A}.Release|Mixed Platforms.ActiveCfg = Release|x86
		{BD3AAE30-5E69-4AC0-8577-420836C8F24A}.Release|Mixed Platforms.Build.0 = Release|x86
		{BD3AAE30-5E69-4AC0-8577-420836C8F24A}.Release|x64.ActiveCfg = Release|x64
		{BD3AAE30-5E69-4AC0-8577-420836C8F24A}.Release|x64.Build.0 = Release|x64
		{BD3AAE30-5E69-4AC0-8577-420836C8F24A}.Release|x86.ActiveCfg = Release|x86
		{BD3AAE30-5E69-4AC0-8577-420836C8F24A}.Release|x86.Build.0 = Release|x86
		{518B318C-511B-4736-BBAB-11E05BD6A573}.Debug|Any CPU.ActiveCfg = Debug|Any CPU
		{518B318C-511B-4736-BBAB-11E05BD6A573}.Debug|Any CPU.Build.0 = Debug|Any CPU
		{518B318C-511B-4736-BBAB-11E05BD6A573}.Debug|Mixed Platforms.ActiveCfg = Debug|x86
		{518B318C-511B-4736-BBAB-11E05BD6A573}.Debug|Mixed Platforms.Build.0 = Debug|x86
		{518B318C-511B-4736-BBAB-11E05BD6A573}.Debug|x64.ActiveCfg = Debug|x64
		{518B318C-511B-4736-BBAB-11E05BD6A573}.Debug|x64.Build.0 = Debug|x64
		{518B318C-511B-4736-BBAB-11E05BD6A573}.Debug|x86.ActiveCfg = Debug|x86
		{518B318C-511B-4736-BBAB-11E05BD6A573}.Debug|x86.Build.0 = Debug|x86
		{518B318C-511B-4736-BBAB-11E05BD6A573}.Release|Any CPU.ActiveCfg = Release|Any CPU
		{518B318C-511B-4736-BBAB-11E05BD6A573}.Release|Any CPU.Build.0 = Release|Any CPU
		{518B318C-511B-4736-BBAB-11E05BD6A573}.Release|Mixed Platforms.ActiveCfg = Release|x86
		{518B318C-511B-4736-BBAB-11E05BD6A573}.Release|Mixed Platforms.Build.0 = Release|x86
		{518B318C-511B-4736-BBAB-11E05BD6A573}.Release|x64.ActiveCfg = Release|x64
		{518B318C-511B-4736-BBAB-11E05BD6A573}.Release|x64.Build.0 = Release|x64
		{518B318C-511B-4736-BBAB-11E05BD6A573}.Release|x86.ActiveCfg = Release|x86
		{518B318C-511B-4736-BBAB-11E05BD6A573}.Release|x86.Build.0 = Release|x86
		{AE4BB52E-260F-42C5-A8AA-D99BA7C937A3}.Debug|Any CPU.ActiveCfg = Debug|Any CPU
		{AE4BB52E-260F-42C5-A8AA-D99BA7C937A3}.Debug|Any CPU.Build.0 = Debug|Any CPU
		{AE4BB52E-260F-42C5-A8AA-D99BA7C937A3}.Debug|Mixed Platforms.ActiveCfg = Debug|x86
		{AE4BB52E-260F-42C5-A8AA-D99BA7C937A3}.Debug|Mixed Platforms.Build.0 = Debug|x86
		{AE4BB52E-260F-42C5-A8AA-D99BA7C937A3}.Debug|x64.ActiveCfg = Debug|x64
		{AE4BB52E-260F-42C5-A8AA-D99BA7C937A3}.Debug|x64.Build.0 = Debug|x64
		{AE4BB52E-260F-42C5-A8AA-D99BA7C937A3}.Debug|x86.ActiveCfg = Debug|x86
		{AE4BB52E-260F-42C5-A8AA-D99BA7C937A3}.Debug|x86.Build.0 = Debug|x86
		{AE4BB52E-260F-42C5-A8AA-D99BA7C937A3}.Release|Any CPU.ActiveCfg = Release|Any CPU
		{AE4BB52E-260F-42C5-A8AA-D99BA7C937A3}.Release|Any CPU.Build.0 = Release|Any CPU
		{AE4BB52E-260F-42C5-A8AA-D99BA7C937A3}.Release|Mixed Platforms.ActiveCfg = Release|x86
		{AE4BB52E-260F-42C5-A8AA-D99BA7C937A3}.Release|Mixed Platforms.Build.0 = Release|x86
		{AE4BB52E-260F-42C5-A8AA-D99BA7C937A3}.Release|x64.ActiveCfg = Release|x64
		{AE4BB52E-260F-42C5-A8AA-D99BA7C937A3}.Release|x64.Build.0 = Release|x64
		{AE4BB52E-260F-42C5-A8AA-D99BA7C937A3}.Release|x86.ActiveCfg = Release|x86
		{AE4BB52E-260F-42C5-A8AA-D99BA7C937A3}.Release|x86.Build.0 = Release|x86
		{BD62A2AF-C124-4158-A479-F060D110B2D3}.Debug|Any CPU.ActiveCfg = Debug|Any CPU
		{BD62A2AF-C124-4158-A479-F060D110B2D3}.Debug|Any CPU.Build.0 = Debug|Any CPU
		{BD62A2AF-C124-4158-A479-F060D110B2D3}.Debug|Mixed Platforms.ActiveCfg = Debug|x86
		{BD62A2AF-C124-4158-A479-F060D110B2D3}.Debug|Mixed Platforms.Build.0 = Debug|x86
		{BD62A2AF-C124-4158-A479-F060D110B2D3}.Debug|x64.ActiveCfg = Debug|x64
		{BD62A2AF-C124-4158-A479-F060D110B2D3}.Debug|x64.Build.0 = Debug|x64
		{BD62A2AF-C124-4158-A479-F060D110B2D3}.Debug|x86.ActiveCfg = Debug|x86
		{BD62A2AF-C124-4158-A479-F060D110B2D3}.Debug|x86.Build.0 = Debug|x86
		{BD62A2AF-C124-4158-A479-F060D110B2D3}.Release|Any CPU.ActiveCfg = Release|Any CPU
		{BD62A2AF-C124-4158-A479-F060D110B2D3}.Release|Any CPU.Build.0 = Release|Any CPU
		{BD62A2AF-C124-4158-A479-F060D110B2D3}.Release|Mixed Platforms.ActiveCfg = Release|x86
		{BD62A2AF-C124-4158-A479-F060D110B2D3}.Release|Mixed Platforms.Build.0 = Release|x86
		{BD62A2AF-C124-4158-A479-F060D110B2D3}.Release|x64.ActiveCfg = Release|x64
		{BD62A2AF-C124-4158-A479-F060D110B2D3}.Release|x64.Build.0 = Release|x64
		{BD62A2AF-C124-4158-A479-F060D110B2D3}.Release|x86.ActiveCfg = Release|x86
		{BD62A2AF-C124-4158-A479-F060D110B2D3}.Release|x86.Build.0 = Release|x86
		{8BA9B0F7-F655-48EC-B041-CAE10884A9F6}.Debug|Any CPU.ActiveCfg = Debug|Any CPU
		{8BA9B0F7-F655-48EC-B041-CAE10884A9F6}.Debug|Any CPU.Build.0 = Debug|Any CPU
		{8BA9B0F7-F655-48EC-B041-CAE10884A9F6}.Debug|Mixed Platforms.ActiveCfg = Debug|x86
		{8BA9B0F7-F655-48EC-B041-CAE10884A9F6}.Debug|Mixed Platforms.Build.0 = Debug|x86
		{8BA9B0F7-F655-48EC-B041-CAE10884A9F6}.Debug|x64.ActiveCfg = Debug|x64
		{8BA9B0F7-F655-48EC-B041-CAE10884A9F6}.Debug|x64.Build.0 = Debug|x64
		{8BA9B0F7-F655-48EC-B041-CAE10884A9F6}.Debug|x86.ActiveCfg = Debug|x86
		{8BA9B0F7-F655-48EC-B041-CAE10884A9F6}.Debug|x86.Build.0 = Debug|x86
		{8BA9B0F7-F655-48EC-B041-CAE10884A9F6}.Release|Any CPU.ActiveCfg = Release|Any CPU
		{8BA9B0F7-F655-48EC-B041-CAE10884A9F6}.Release|Any CPU.Build.0 = Release|Any CPU
		{8BA9B0F7-F655-48EC-B041-CAE10884A9F6}.Release|Mixed Platforms.ActiveCfg = Release|x86
		{8BA9B0F7-F655-48EC-B041-CAE10884A9F6}.Release|Mixed Platforms.Build.0 = Release|x86
		{8BA9B0F7-F655-48EC-B041-CAE10884A9F6}.Release|x64.ActiveCfg = Release|x64
		{8BA9B0F7-F655-48EC-B041-CAE10884A9F6}.Release|x64.Build.0 = Release|x64
		{8BA9B0F7-F655-48EC-B041-CAE10884A9F6}.Release|x86.ActiveCfg = Release|x86
		{8BA9B0F7-F655-48EC-B041-CAE10884A9F6}.Release|x86.Build.0 = Release|x86
		{7AAABF14-0062-406E-A977-1383975E21BA}.Debug|Any CPU.ActiveCfg = Debug|Any CPU
		{7AAABF14-0062-406E-A977-1383975E21BA}.Debug|Any CPU.Build.0 = Debug|Any CPU
		{7AAABF14-0062-406E-A977-1383975E21BA}.Debug|Mixed Platforms.ActiveCfg = Debug|x86
		{7AAABF14-0062-406E-A977-1383975E21BA}.Debug|Mixed Platforms.Build.0 = Debug|x86
		{7AAABF14-0062-406E-A977-1383975E21BA}.Debug|x64.ActiveCfg = Debug|x64
		{7AAABF14-0062-406E-A977-1383975E21BA}.Debug|x64.Build.0 = Debug|x64
		{7AAABF14-0062-406E-A977-1383975E21BA}.Debug|x86.ActiveCfg = Debug|x86
		{7AAABF14-0062-406E-A977-1383975E21BA}.Debug|x86.Build.0 = Debug|x86
		{7AAABF14-0062-406E-A977-1383975E21BA}.Release|Any CPU.ActiveCfg = Release|Any CPU
		{7AAABF14-0062-406E-A977-1383975E21BA}.Release|Any CPU.Build.0 = Release|Any CPU
		{7AAABF14-0062-406E-A977-1383975E21BA}.Release|Mixed Platforms.ActiveCfg = Release|x86
		{7AAABF14-0062-406E-A977-1383975E21BA}.Release|Mixed Platforms.Build.0 = Release|x86
		{7AAABF14-0062-406E-A977-1383975E21BA}.Release|x64.ActiveCfg = Release|x64
		{7AAABF14-0062-406E-A977-1383975E21BA}.Release|x64.Build.0 = Release|x64
		{7AAABF14-0062-406E-A977-1383975E21BA}.Release|x86.ActiveCfg = Release|x86
		{7AAABF14-0062-406E-A977-1383975E21BA}.Release|x86.Build.0 = Release|x86
		{84EB47C5-3E04-4E36-8306-0F16CDA5F3D1}.Debug|Any CPU.ActiveCfg = Debug|Any CPU
		{84EB47C5-3E04-4E36-8306-0F16CDA5F3D1}.Debug|Any CPU.Build.0 = Debug|Any CPU
		{84EB47C5-3E04-4E36-8306-0F16CDA5F3D1}.Debug|Mixed Platforms.ActiveCfg = Debug|x86
		{84EB47C5-3E04-4E36-8306-0F16CDA5F3D1}.Debug|Mixed Platforms.Build.0 = Debug|x86
		{84EB47C5-3E04-4E36-8306-0F16CDA5F3D1}.Debug|x64.ActiveCfg = Debug|x64
		{84EB47C5-3E04-4E36-8306-0F16CDA5F3D1}.Debug|x64.Build.0 = Debug|x64
		{84EB47C5-3E04-4E36-8306-0F16CDA5F3D1}.Debug|x86.ActiveCfg = Debug|x86
		{84EB47C5-3E04-4E36-8306-0F16CDA5F3D1}.Debug|x86.Build.0 = Debug|x86
		{84EB47C5-3E04-4E36-8306-0F16CDA5F3D1}.Release|Any CPU.ActiveCfg = Release|Any CPU
		{84EB47C5-3E04-4E36-8306-0F16CDA5F3D1}.Release|Any CPU.Build.0 = Release|Any CPU
		{84EB47C5-3E04-4E36-8306-0F16CDA5F3D1}.Release|Mixed Platforms.ActiveCfg = Release|x86
		{84EB47C5-3E04-4E36-8306-0F16CDA5F3D1}.Release|Mixed Platforms.Build.0 = Release|x86
		{84EB47C5-3E04-4E36-8306-0F16CDA5F3D1}.Release|x64.ActiveCfg = Release|x64
		{84EB47C5-3E04-4E36-8306-0F16CDA5F3D1}.Release|x64.Build.0 = Release|x64
		{84EB47C5-3E04-4E36-8306-0F16CDA5F3D1}.Release|x86.ActiveCfg = Release|x86
		{84EB47C5-3E04-4E36-8306-0F16CDA5F3D1}.Release|x86.Build.0 = Release|x86
		{CCBB368D-72E5-4956-8098-F3D257FC2796}.Debug|Any CPU.ActiveCfg = Debug|Any CPU
		{CCBB368D-72E5-4956-8098-F3D257FC2796}.Debug|Any CPU.Build.0 = Debug|Any CPU
		{CCBB368D-72E5-4956-8098-F3D257FC2796}.Debug|Mixed Platforms.ActiveCfg = Debug|x86
		{CCBB368D-72E5-4956-8098-F3D257FC2796}.Debug|Mixed Platforms.Build.0 = Debug|x86
		{CCBB368D-72E5-4956-8098-F3D257FC2796}.Debug|x64.ActiveCfg = Debug|x64
		{CCBB368D-72E5-4956-8098-F3D257FC2796}.Debug|x64.Build.0 = Debug|x64
		{CCBB368D-72E5-4956-8098-F3D257FC2796}.Debug|x86.ActiveCfg = Debug|x86
		{CCBB368D-72E5-4956-8098-F3D257FC2796}.Debug|x86.Build.0 = Debug|x86
		{CCBB368D-72E5-4956-8098-F3D257FC2796}.Release|Any CPU.ActiveCfg = Release|Any CPU
		{CCBB368D-72E5-4956-8098-F3D257FC2796}.Release|Any CPU.Build.0 = Release|Any CPU
		{CCBB368D-72E5-4956-8098-F3D257FC2796}.Release|Mixed Platforms.ActiveCfg = Release|x86
		{CCBB368D-72E5-4956-8098-F3D257FC2796}.Release|Mixed Platforms.Build.0 = Release|x86
		{CCBB368D-72E5-4956-8098-F3D257FC2796}.Release|x64.ActiveCfg = Release|x64
		{CCBB368D-72E5-4956-8098-F3D257FC2796}.Release|x64.Build.0 = Release|x64
		{CCBB368D-72E5-4956-8098-F3D257FC2796}.Release|x86.ActiveCfg = Release|x86
		{CCBB368D-72E5-4956-8098-F3D257FC2796}.Release|x86.Build.0 = Release|x86
		{A9F610FE-68B2-4C7F-B86E-2CE1C871F31E}.Debug|Any CPU.ActiveCfg = Debug|Any CPU
		{A9F610FE-68B2-4C7F-B86E-2CE1C871F31E}.Debug|Any CPU.Build.0 = Debug|Any CPU
		{A9F610FE-68B2-4C7F-B86E-2CE1C871F31E}.Debug|Mixed Platforms.ActiveCfg = Debug|x86
		{A9F610FE-68B2-4C7F-B86E-2CE1C871F31E}.Debug|Mixed Platforms.Build.0 = Debug|x86
		{A9F610FE-68B2-4C7F-B86E-2CE1C871F31E}.Debug|x64.ActiveCfg = Debug|x64
		{A9F610FE-68B2-4C7F-B86E-2CE1C871F31E}.Debug|x64.Build.0 = Debug|x64
		{A9F610FE-68B2-4C7F-B86E-2CE1C871F31E}.Debug|x86.ActiveCfg = Debug|x86
		{A9F610FE-68B2-4C7F-B86E-2CE1C871F31E}.Debug|x86.Build.0 = Debug|x86
		{A9F610FE-68B2-4C7F-B86E-2CE1C871F31E}.Release|Any CPU.ActiveCfg = Release|Any CPU
		{A9F610FE-68B2-4C7F-B86E-2CE1C871F31E}.Release|Any CPU.Build.0 = Release|Any CPU
		{A9F610FE-68B2-4C7F-B86E-2CE1C871F31E}.Release|Mixed Platforms.ActiveCfg = Release|x86
		{A9F610FE-68B2-4C7F-B86E-2CE1C871F31E}.Release|Mixed Platforms.Build.0 = Release|x86
		{A9F610FE-68B2-4C7F-B86E-2CE1C871F31E}.Release|x64.ActiveCfg = Release|x64
		{A9F610FE-68B2-4C7F-B86E-2CE1C871F31E}.Release|x64.Build.0 = Release|x64
		{A9F610FE-68B2-4C7F-B86E-2CE1C871F31E}.Release|x86.ActiveCfg = Release|x86
		{A9F610FE-68B2-4C7F-B86E-2CE1C871F31E}.Release|x86.Build.0 = Release|x86
		{F7AEC322-8737-491F-B35E-A0EEB947CC9C}.Debug|Any CPU.ActiveCfg = Debug|Any CPU
		{F7AEC322-8737-491F-B35E-A0EEB947CC9C}.Debug|Any CPU.Build.0 = Debug|Any CPU
		{F7AEC322-8737-491F-B35E-A0EEB947CC9C}.Debug|Mixed Platforms.ActiveCfg = Debug|x86
		{F7AEC322-8737-491F-B35E-A0EEB947CC9C}.Debug|Mixed Platforms.Build.0 = Debug|x86
		{F7AEC322-8737-491F-B35E-A0EEB947CC9C}.Debug|x64.ActiveCfg = Debug|x64
		{F7AEC322-8737-491F-B35E-A0EEB947CC9C}.Debug|x64.Build.0 = Debug|x64
		{F7AEC322-8737-491F-B35E-A0EEB947CC9C}.Debug|x86.ActiveCfg = Debug|x86
		{F7AEC322-8737-491F-B35E-A0EEB947CC9C}.Debug|x86.Build.0 = Debug|x86
		{F7AEC322-8737-491F-B35E-A0EEB947CC9C}.Release|Any CPU.ActiveCfg = Release|Any CPU
		{F7AEC322-8737-491F-B35E-A0EEB947CC9C}.Release|Any CPU.Build.0 = Release|Any CPU
		{F7AEC322-8737-491F-B35E-A0EEB947CC9C}.Release|Mixed Platforms.ActiveCfg = Release|x86
		{F7AEC322-8737-491F-B35E-A0EEB947CC9C}.Release|Mixed Platforms.Build.0 = Release|x86
		{F7AEC322-8737-491F-B35E-A0EEB947CC9C}.Release|x64.ActiveCfg = Release|x64
		{F7AEC322-8737-491F-B35E-A0EEB947CC9C}.Release|x64.Build.0 = Release|x64
		{F7AEC322-8737-491F-B35E-A0EEB947CC9C}.Release|x86.ActiveCfg = Release|x86
		{F7AEC322-8737-491F-B35E-A0EEB947CC9C}.Release|x86.Build.0 = Release|x86
		{3A43524B-D257-48E6-BF4E-7E85A6000328}.Debug|Any CPU.ActiveCfg = Debug|Any CPU
		{3A43524B-D257-48E6-BF4E-7E85A6000328}.Debug|Any CPU.Build.0 = Debug|Any CPU
		{3A43524B-D257-48E6-BF4E-7E85A6000328}.Debug|Mixed Platforms.ActiveCfg = Debug|x86
		{3A43524B-D257-48E6-BF4E-7E85A6000328}.Debug|Mixed Platforms.Build.0 = Debug|x86
		{3A43524B-D257-48E6-BF4E-7E85A6000328}.Debug|x64.ActiveCfg = Debug|x64
		{3A43524B-D257-48E6-BF4E-7E85A6000328}.Debug|x64.Build.0 = Debug|x64
		{3A43524B-D257-48E6-BF4E-7E85A6000328}.Debug|x86.ActiveCfg = Debug|x86
		{3A43524B-D257-48E6-BF4E-7E85A6000328}.Debug|x86.Build.0 = Debug|x86
		{3A43524B-D257-48E6-BF4E-7E85A6000328}.Release|Any CPU.ActiveCfg = Release|Any CPU
		{3A43524B-D257-48E6-BF4E-7E85A6000328}.Release|Any CPU.Build.0 = Release|Any CPU
		{3A43524B-D257-48E6-BF4E-7E85A6000328}.Release|Mixed Platforms.ActiveCfg = Release|x86
		{3A43524B-D257-48E6-BF4E-7E85A6000328}.Release|Mixed Platforms.Build.0 = Release|x86
		{3A43524B-D257-48E6-BF4E-7E85A6000328}.Release|x64.ActiveCfg = Release|x64
		{3A43524B-D257-48E6-BF4E-7E85A6000328}.Release|x64.Build.0 = Release|x64
		{3A43524B-D257-48E6-BF4E-7E85A6000328}.Release|x86.ActiveCfg = Release|x86
		{3A43524B-D257-48E6-BF4E-7E85A6000328}.Release|x86.Build.0 = Release|x86
		{C88BF07A-D979-45E1-B290-0ECAC7C69230}.Debug|Any CPU.ActiveCfg = Debug|Any CPU
		{C88BF07A-D979-45E1-B290-0ECAC7C69230}.Debug|Any CPU.Build.0 = Debug|Any CPU
		{C88BF07A-D979-45E1-B290-0ECAC7C69230}.Debug|Mixed Platforms.ActiveCfg = Debug|x86
		{C88BF07A-D979-45E1-B290-0ECAC7C69230}.Debug|Mixed Platforms.Build.0 = Debug|x86
		{C88BF07A-D979-45E1-B290-0ECAC7C69230}.Debug|x64.ActiveCfg = Debug|x64
		{C88BF07A-D979-45E1-B290-0ECAC7C69230}.Debug|x64.Build.0 = Debug|x64
		{C88BF07A-D979-45E1-B290-0ECAC7C69230}.Debug|x86.ActiveCfg = Debug|x86
		{C88BF07A-D979-45E1-B290-0ECAC7C69230}.Debug|x86.Build.0 = Debug|x86
		{C88BF07A-D979-45E1-B290-0ECAC7C69230}.Release|Any CPU.ActiveCfg = Release|Any CPU
		{C88BF07A-D979-45E1-B290-0ECAC7C69230}.Release|Any CPU.Build.0 = Release|Any CPU
		{C88BF07A-D979-45E1-B290-0ECAC7C69230}.Release|Mixed Platforms.ActiveCfg = Release|x86
		{C88BF07A-D979-45E1-B290-0ECAC7C69230}.Release|Mixed Platforms.Build.0 = Release|x86
		{C88BF07A-D979-45E1-B290-0ECAC7C69230}.Release|x64.ActiveCfg = Release|x64
		{C88BF07A-D979-45E1-B290-0ECAC7C69230}.Release|x64.Build.0 = Release|x64
		{C88BF07A-D979-45E1-B290-0ECAC7C69230}.Release|x86.ActiveCfg = Release|x86
		{C88BF07A-D979-45E1-B290-0ECAC7C69230}.Release|x86.Build.0 = Release|x86
		{2064E341-3987-4A0F-93D6-AFECA03D3AC9}.Debug|Any CPU.ActiveCfg = Debug|Any CPU
		{2064E341-3987-4A0F-93D6-AFECA03D3AC9}.Debug|Any CPU.Build.0 = Debug|Any CPU
		{2064E341-3987-4A0F-93D6-AFECA03D3AC9}.Debug|Mixed Platforms.ActiveCfg = Debug|x86
		{2064E341-3987-4A0F-93D6-AFECA03D3AC9}.Debug|Mixed Platforms.Build.0 = Debug|x86
		{2064E341-3987-4A0F-93D6-AFECA03D3AC9}.Debug|x64.ActiveCfg = Debug|x64
		{2064E341-3987-4A0F-93D6-AFECA03D3AC9}.Debug|x64.Build.0 = Debug|x64
		{2064E341-3987-4A0F-93D6-AFECA03D3AC9}.Debug|x86.ActiveCfg = Debug|x86
		{2064E341-3987-4A0F-93D6-AFECA03D3AC9}.Debug|x86.Build.0 = Debug|x86
		{2064E341-3987-4A0F-93D6-AFECA03D3AC9}.Release|Any CPU.ActiveCfg = Release|Any CPU
		{2064E341-3987-4A0F-93D6-AFECA03D3AC9}.Release|Any CPU.Build.0 = Release|Any CPU
		{2064E341-3987-4A0F-93D6-AFECA03D3AC9}.Release|Mixed Platforms.ActiveCfg = Release|x86
		{2064E341-3987-4A0F-93D6-AFECA03D3AC9}.Release|Mixed Platforms.Build.0 = Release|x86
		{2064E341-3987-4A0F-93D6-AFECA03D3AC9}.Release|x64.ActiveCfg = Release|x64
		{2064E341-3987-4A0F-93D6-AFECA03D3AC9}.Release|x64.Build.0 = Release|x64
		{2064E341-3987-4A0F-93D6-AFECA03D3AC9}.Release|x86.ActiveCfg = Release|x86
		{2064E341-3987-4A0F-93D6-AFECA03D3AC9}.Release|x86.Build.0 = Release|x86
		{474B2928-45D9-48AF-987E-D21D40C65985}.Debug|Any CPU.ActiveCfg = Debug|Any CPU
		{474B2928-45D9-48AF-987E-D21D40C65985}.Debug|Any CPU.Build.0 = Debug|Any CPU
		{474B2928-45D9-48AF-987E-D21D40C65985}.Debug|Mixed Platforms.ActiveCfg = Debug|x86
		{474B2928-45D9-48AF-987E-D21D40C65985}.Debug|Mixed Platforms.Build.0 = Debug|x86
		{474B2928-45D9-48AF-987E-D21D40C65985}.Debug|x64.ActiveCfg = Debug|x64
		{474B2928-45D9-48AF-987E-D21D40C65985}.Debug|x64.Build.0 = Debug|x64
		{474B2928-45D9-48AF-987E-D21D40C65985}.Debug|x86.ActiveCfg = Debug|x86
		{474B2928-45D9-48AF-987E-D21D40C65985}.Debug|x86.Build.0 = Debug|x86
		{474B2928-45D9-48AF-987E-D21D40C65985}.Release|Any CPU.ActiveCfg = Release|Any CPU
		{474B2928-45D9-48AF-987E-D21D40C65985}.Release|Any CPU.Build.0 = Release|Any CPU
		{474B2928-45D9-48AF-987E-D21D40C65985}.Release|Mixed Platforms.ActiveCfg = Release|x86
		{474B2928-45D9-48AF-987E-D21D40C65985}.Release|Mixed Platforms.Build.0 = Release|x86
		{474B2928-45D9-48AF-987E-D21D40C65985}.Release|x64.ActiveCfg = Release|x64
		{474B2928-45D9-48AF-987E-D21D40C65985}.Release|x64.Build.0 = Release|x64
		{474B2928-45D9-48AF-987E-D21D40C65985}.Release|x86.ActiveCfg = Release|x86
		{474B2928-45D9-48AF-987E-D21D40C65985}.Release|x86.Build.0 = Release|x86
		{93EDA16F-3DA6-4802-8AE4-33A1875FD903}.Debug|Any CPU.ActiveCfg = Debug|Any CPU
		{93EDA16F-3DA6-4802-8AE4-33A1875FD903}.Debug|Any CPU.Build.0 = Debug|Any CPU
		{93EDA16F-3DA6-4802-8AE4-33A1875FD903}.Debug|Mixed Platforms.ActiveCfg = Debug|x86
		{93EDA16F-3DA6-4802-8AE4-33A1875FD903}.Debug|Mixed Platforms.Build.0 = Debug|x86
		{93EDA16F-3DA6-4802-8AE4-33A1875FD903}.Debug|x64.ActiveCfg = Debug|x64
		{93EDA16F-3DA6-4802-8AE4-33A1875FD903}.Debug|x64.Build.0 = Debug|x64
		{93EDA16F-3DA6-4802-8AE4-33A1875FD903}.Debug|x86.ActiveCfg = Debug|x86
		{93EDA16F-3DA6-4802-8AE4-33A1875FD903}.Debug|x86.Build.0 = Debug|x86
		{93EDA16F-3DA6-4802-8AE4-33A1875FD903}.Release|Any CPU.ActiveCfg = Release|Any CPU
		{93EDA16F-3DA6-4802-8AE4-33A1875FD903}.Release|Any CPU.Build.0 = Release|Any CPU
		{93EDA16F-3DA6-4802-8AE4-33A1875FD903}.Release|Mixed Platforms.ActiveCfg = Release|x86
		{93EDA16F-3DA6-4802-8AE4-33A1875FD903}.Release|Mixed Platforms.Build.0 = Release|x86
		{93EDA16F-3DA6-4802-8AE4-33A1875FD903}.Release|x64.ActiveCfg = Release|x64
		{93EDA16F-3DA6-4802-8AE4-33A1875FD903}.Release|x64.Build.0 = Release|x64
		{93EDA16F-3DA6-4802-8AE4-33A1875FD903}.Release|x86.ActiveCfg = Release|x86
		{93EDA16F-3DA6-4802-8AE4-33A1875FD903}.Release|x86.Build.0 = Release|x86
		{82992538-6F94-41F0-B4DF-B46F0DFE69B7}.Debug|Any CPU.ActiveCfg = Debug|Any CPU
		{82992538-6F94-41F0-B4DF-B46F0DFE69B7}.Debug|Any CPU.Build.0 = Debug|Any CPU
		{82992538-6F94-41F0-B4DF-B46F0DFE69B7}.Debug|Mixed Platforms.ActiveCfg = Debug|x86
		{82992538-6F94-41F0-B4DF-B46F0DFE69B7}.Debug|Mixed Platforms.Build.0 = Debug|x86
		{82992538-6F94-41F0-B4DF-B46F0DFE69B7}.Debug|x64.ActiveCfg = Debug|x64
		{82992538-6F94-41F0-B4DF-B46F0DFE69B7}.Debug|x64.Build.0 = Debug|x64
		{82992538-6F94-41F0-B4DF-B46F0DFE69B7}.Debug|x86.ActiveCfg = Debug|x86
		{82992538-6F94-41F0-B4DF-B46F0DFE69B7}.Debug|x86.Build.0 = Debug|x86
		{82992538-6F94-41F0-B4DF-B46F0DFE69B7}.Release|Any CPU.ActiveCfg = Release|Any CPU
		{82992538-6F94-41F0-B4DF-B46F0DFE69B7}.Release|Any CPU.Build.0 = Release|Any CPU
		{82992538-6F94-41F0-B4DF-B46F0DFE69B7}.Release|Mixed Platforms.ActiveCfg = Release|x86
		{82992538-6F94-41F0-B4DF-B46F0DFE69B7}.Release|Mixed Platforms.Build.0 = Release|x86
		{82992538-6F94-41F0-B4DF-B46F0DFE69B7}.Release|x64.ActiveCfg = Release|x64
		{82992538-6F94-41F0-B4DF-B46F0DFE69B7}.Release|x64.Build.0 = Release|x64
		{82992538-6F94-41F0-B4DF-B46F0DFE69B7}.Release|x86.ActiveCfg = Release|x86
		{82992538-6F94-41F0-B4DF-B46F0DFE69B7}.Release|x86.Build.0 = Release|x86
		{BA9AA00C-F3F0-4BE2-A130-24A8A2374E3F}.Debug|Any CPU.ActiveCfg = Debug|Any CPU
		{BA9AA00C-F3F0-4BE2-A130-24A8A2374E3F}.Debug|Any CPU.Build.0 = Debug|Any CPU
		{BA9AA00C-F3F0-4BE2-A130-24A8A2374E3F}.Debug|Mixed Platforms.ActiveCfg = Debug|x86
		{BA9AA00C-F3F0-4BE2-A130-24A8A2374E3F}.Debug|Mixed Platforms.Build.0 = Debug|x86
		{BA9AA00C-F3F0-4BE2-A130-24A8A2374E3F}.Debug|x64.ActiveCfg = Debug|x64
		{BA9AA00C-F3F0-4BE2-A130-24A8A2374E3F}.Debug|x64.Build.0 = Debug|x64
		{BA9AA00C-F3F0-4BE2-A130-24A8A2374E3F}.Debug|x86.ActiveCfg = Debug|x86
		{BA9AA00C-F3F0-4BE2-A130-24A8A2374E3F}.Debug|x86.Build.0 = Debug|x86
		{BA9AA00C-F3F0-4BE2-A130-24A8A2374E3F}.Release|Any CPU.ActiveCfg = Release|Any CPU
		{BA9AA00C-F3F0-4BE2-A130-24A8A2374E3F}.Release|Any CPU.Build.0 = Release|Any CPU
		{BA9AA00C-F3F0-4BE2-A130-24A8A2374E3F}.Release|Mixed Platforms.ActiveCfg = Release|x86
		{BA9AA00C-F3F0-4BE2-A130-24A8A2374E3F}.Release|Mixed Platforms.Build.0 = Release|x86
		{BA9AA00C-F3F0-4BE2-A130-24A8A2374E3F}.Release|x64.ActiveCfg = Release|x64
		{BA9AA00C-F3F0-4BE2-A130-24A8A2374E3F}.Release|x64.Build.0 = Release|x64
		{BA9AA00C-F3F0-4BE2-A130-24A8A2374E3F}.Release|x86.ActiveCfg = Release|x86
		{BA9AA00C-F3F0-4BE2-A130-24A8A2374E3F}.Release|x86.Build.0 = Release|x86
		{32895FD5-D270-48BE-87F1-36062F4B6D36}.Debug|Any CPU.ActiveCfg = Debug|Any CPU
		{32895FD5-D270-48BE-87F1-36062F4B6D36}.Debug|Any CPU.Build.0 = Debug|Any CPU
		{32895FD5-D270-48BE-87F1-36062F4B6D36}.Debug|Mixed Platforms.ActiveCfg = Debug|x86
		{32895FD5-D270-48BE-87F1-36062F4B6D36}.Debug|Mixed Platforms.Build.0 = Debug|x86
		{32895FD5-D270-48BE-87F1-36062F4B6D36}.Debug|x64.ActiveCfg = Debug|x64
		{32895FD5-D270-48BE-87F1-36062F4B6D36}.Debug|x64.Build.0 = Debug|x64
		{32895FD5-D270-48BE-87F1-36062F4B6D36}.Debug|x86.ActiveCfg = Debug|x86
		{32895FD5-D270-48BE-87F1-36062F4B6D36}.Debug|x86.Build.0 = Debug|x86
		{32895FD5-D270-48BE-87F1-36062F4B6D36}.Release|Any CPU.ActiveCfg = Release|Any CPU
		{32895FD5-D270-48BE-87F1-36062F4B6D36}.Release|Any CPU.Build.0 = Release|Any CPU
		{32895FD5-D270-48BE-87F1-36062F4B6D36}.Release|Mixed Platforms.ActiveCfg = Release|x86
		{32895FD5-D270-48BE-87F1-36062F4B6D36}.Release|Mixed Platforms.Build.0 = Release|x86
		{32895FD5-D270-48BE-87F1-36062F4B6D36}.Release|x64.ActiveCfg = Release|x64
		{32895FD5-D270-48BE-87F1-36062F4B6D36}.Release|x64.Build.0 = Release|x64
		{32895FD5-D270-48BE-87F1-36062F4B6D36}.Release|x86.ActiveCfg = Release|x86
		{32895FD5-D270-48BE-87F1-36062F4B6D36}.Release|x86.Build.0 = Release|x86
		{17F72D60-72D0-4721-9F00-7710EB0941A1}.Debug|Any CPU.ActiveCfg = Debug|Any CPU
		{17F72D60-72D0-4721-9F00-7710EB0941A1}.Debug|Any CPU.Build.0 = Debug|Any CPU
		{17F72D60-72D0-4721-9F00-7710EB0941A1}.Debug|Mixed Platforms.ActiveCfg = Debug|x86
		{17F72D60-72D0-4721-9F00-7710EB0941A1}.Debug|Mixed Platforms.Build.0 = Debug|x86
		{17F72D60-72D0-4721-9F00-7710EB0941A1}.Debug|x64.ActiveCfg = Debug|x64
		{17F72D60-72D0-4721-9F00-7710EB0941A1}.Debug|x64.Build.0 = Debug|x64
		{17F72D60-72D0-4721-9F00-7710EB0941A1}.Debug|x86.ActiveCfg = Debug|x86
		{17F72D60-72D0-4721-9F00-7710EB0941A1}.Debug|x86.Build.0 = Debug|x86
		{17F72D60-72D0-4721-9F00-7710EB0941A1}.Release|Any CPU.ActiveCfg = Release|Any CPU
		{17F72D60-72D0-4721-9F00-7710EB0941A1}.Release|Any CPU.Build.0 = Release|Any CPU
		{17F72D60-72D0-4721-9F00-7710EB0941A1}.Release|Mixed Platforms.ActiveCfg = Release|x86
		{17F72D60-72D0-4721-9F00-7710EB0941A1}.Release|Mixed Platforms.Build.0 = Release|x86
		{17F72D60-72D0-4721-9F00-7710EB0941A1}.Release|x64.ActiveCfg = Release|x64
		{17F72D60-72D0-4721-9F00-7710EB0941A1}.Release|x64.Build.0 = Release|x64
		{17F72D60-72D0-4721-9F00-7710EB0941A1}.Release|x86.ActiveCfg = Release|x86
		{17F72D60-72D0-4721-9F00-7710EB0941A1}.Release|x86.Build.0 = Release|x86
		{D609B9E6-4FBD-4132-B14F-D0CEA50F38E8}.Debug|Any CPU.ActiveCfg = Debug|Any CPU
		{D609B9E6-4FBD-4132-B14F-D0CEA50F38E8}.Debug|Any CPU.Build.0 = Debug|Any CPU
		{D609B9E6-4FBD-4132-B14F-D0CEA50F38E8}.Debug|Mixed Platforms.ActiveCfg = Debug|x86
		{D609B9E6-4FBD-4132-B14F-D0CEA50F38E8}.Debug|Mixed Platforms.Build.0 = Debug|x86
		{D609B9E6-4FBD-4132-B14F-D0CEA50F38E8}.Debug|x64.ActiveCfg = Debug|x64
		{D609B9E6-4FBD-4132-B14F-D0CEA50F38E8}.Debug|x64.Build.0 = Debug|x64
		{D609B9E6-4FBD-4132-B14F-D0CEA50F38E8}.Debug|x86.ActiveCfg = Debug|x86
		{D609B9E6-4FBD-4132-B14F-D0CEA50F38E8}.Debug|x86.Build.0 = Debug|x86
		{D609B9E6-4FBD-4132-B14F-D0CEA50F38E8}.Release|Any CPU.ActiveCfg = Release|Any CPU
		{D609B9E6-4FBD-4132-B14F-D0CEA50F38E8}.Release|Any CPU.Build.0 = Release|Any CPU
		{D609B9E6-4FBD-4132-B14F-D0CEA50F38E8}.Release|Mixed Platforms.ActiveCfg = Release|x86
		{D609B9E6-4FBD-4132-B14F-D0CEA50F38E8}.Release|Mixed Platforms.Build.0 = Release|x86
		{D609B9E6-4FBD-4132-B14F-D0CEA50F38E8}.Release|x64.ActiveCfg = Release|x64
		{D609B9E6-4FBD-4132-B14F-D0CEA50F38E8}.Release|x64.Build.0 = Release|x64
		{D609B9E6-4FBD-4132-B14F-D0CEA50F38E8}.Release|x86.ActiveCfg = Release|x86
		{D609B9E6-4FBD-4132-B14F-D0CEA50F38E8}.Release|x86.Build.0 = Release|x86
		{7D8A91CD-5D7A-476C-ADD0-DB3B71401CAA}.Debug|Any CPU.ActiveCfg = Debug|Any CPU
		{7D8A91CD-5D7A-476C-ADD0-DB3B71401CAA}.Debug|Any CPU.Build.0 = Debug|Any CPU
		{7D8A91CD-5D7A-476C-ADD0-DB3B71401CAA}.Debug|Mixed Platforms.ActiveCfg = Debug|x86
		{7D8A91CD-5D7A-476C-ADD0-DB3B71401CAA}.Debug|Mixed Platforms.Build.0 = Debug|x86
		{7D8A91CD-5D7A-476C-ADD0-DB3B71401CAA}.Debug|x64.ActiveCfg = Debug|x64
		{7D8A91CD-5D7A-476C-ADD0-DB3B71401CAA}.Debug|x64.Build.0 = Debug|x64
		{7D8A91CD-5D7A-476C-ADD0-DB3B71401CAA}.Debug|x86.ActiveCfg = Debug|x86
		{7D8A91CD-5D7A-476C-ADD0-DB3B71401CAA}.Debug|x86.Build.0 = Debug|x86
		{7D8A91CD-5D7A-476C-ADD0-DB3B71401CAA}.Release|Any CPU.ActiveCfg = Release|Any CPU
		{7D8A91CD-5D7A-476C-ADD0-DB3B71401CAA}.Release|Any CPU.Build.0 = Release|Any CPU
		{7D8A91CD-5D7A-476C-ADD0-DB3B71401CAA}.Release|Mixed Platforms.ActiveCfg = Release|x86
		{7D8A91CD-5D7A-476C-ADD0-DB3B71401CAA}.Release|Mixed Platforms.Build.0 = Release|x86
		{7D8A91CD-5D7A-476C-ADD0-DB3B71401CAA}.Release|x64.ActiveCfg = Release|x64
		{7D8A91CD-5D7A-476C-ADD0-DB3B71401CAA}.Release|x64.Build.0 = Release|x64
		{7D8A91CD-5D7A-476C-ADD0-DB3B71401CAA}.Release|x86.ActiveCfg = Release|x86
		{7D8A91CD-5D7A-476C-ADD0-DB3B71401CAA}.Release|x86.Build.0 = Release|x86
		{95AAB621-44BF-431D-ABE1-C857F403C56B}.Debug|Any CPU.ActiveCfg = Debug|Any CPU
		{95AAB621-44BF-431D-ABE1-C857F403C56B}.Debug|Any CPU.Build.0 = Debug|Any CPU
		{95AAB621-44BF-431D-ABE1-C857F403C56B}.Debug|Mixed Platforms.ActiveCfg = Debug|x86
		{95AAB621-44BF-431D-ABE1-C857F403C56B}.Debug|Mixed Platforms.Build.0 = Debug|x86
		{95AAB621-44BF-431D-ABE1-C857F403C56B}.Debug|x64.ActiveCfg = Debug|x64
		{95AAB621-44BF-431D-ABE1-C857F403C56B}.Debug|x64.Build.0 = Debug|x64
		{95AAB621-44BF-431D-ABE1-C857F403C56B}.Debug|x86.ActiveCfg = Debug|x86
		{95AAB621-44BF-431D-ABE1-C857F403C56B}.Debug|x86.Build.0 = Debug|x86
		{95AAB621-44BF-431D-ABE1-C857F403C56B}.Release|Any CPU.ActiveCfg = Release|Any CPU
		{95AAB621-44BF-431D-ABE1-C857F403C56B}.Release|Any CPU.Build.0 = Release|Any CPU
		{95AAB621-44BF-431D-ABE1-C857F403C56B}.Release|Mixed Platforms.ActiveCfg = Release|x86
		{95AAB621-44BF-431D-ABE1-C857F403C56B}.Release|Mixed Platforms.Build.0 = Release|x86
		{95AAB621-44BF-431D-ABE1-C857F403C56B}.Release|x64.ActiveCfg = Release|x64
		{95AAB621-44BF-431D-ABE1-C857F403C56B}.Release|x64.Build.0 = Release|x64
		{95AAB621-44BF-431D-ABE1-C857F403C56B}.Release|x86.ActiveCfg = Release|x86
		{95AAB621-44BF-431D-ABE1-C857F403C56B}.Release|x86.Build.0 = Release|x86
		{092238BC-13C9-468E-85E9-BF209FC7F3A0}.Debug|Any CPU.ActiveCfg = Debug|Any CPU
		{092238BC-13C9-468E-85E9-BF209FC7F3A0}.Debug|Any CPU.Build.0 = Debug|Any CPU
		{092238BC-13C9-468E-85E9-BF209FC7F3A0}.Debug|Mixed Platforms.ActiveCfg = Debug|x86
		{092238BC-13C9-468E-85E9-BF209FC7F3A0}.Debug|Mixed Platforms.Build.0 = Debug|x86
		{092238BC-13C9-468E-85E9-BF209FC7F3A0}.Debug|x64.ActiveCfg = Debug|x64
		{092238BC-13C9-468E-85E9-BF209FC7F3A0}.Debug|x64.Build.0 = Debug|x64
		{092238BC-13C9-468E-85E9-BF209FC7F3A0}.Debug|x86.ActiveCfg = Debug|x86
		{092238BC-13C9-468E-85E9-BF209FC7F3A0}.Debug|x86.Build.0 = Debug|x86
		{092238BC-13C9-468E-85E9-BF209FC7F3A0}.Release|Any CPU.ActiveCfg = Release|Any CPU
		{092238BC-13C9-468E-85E9-BF209FC7F3A0}.Release|Any CPU.Build.0 = Release|Any CPU
		{092238BC-13C9-468E-85E9-BF209FC7F3A0}.Release|Mixed Platforms.ActiveCfg = Release|x86
		{092238BC-13C9-468E-85E9-BF209FC7F3A0}.Release|Mixed Platforms.Build.0 = Release|x86
		{092238BC-13C9-468E-85E9-BF209FC7F3A0}.Release|x64.ActiveCfg = Release|x64
		{092238BC-13C9-468E-85E9-BF209FC7F3A0}.Release|x64.Build.0 = Release|x64
		{092238BC-13C9-468E-85E9-BF209FC7F3A0}.Release|x86.ActiveCfg = Release|x86
		{092238BC-13C9-468E-85E9-BF209FC7F3A0}.Release|x86.Build.0 = Release|x86
		{D3192BEA-DD1F-4A99-9803-71525864081C}.Debug|Any CPU.ActiveCfg = Debug|Any CPU
		{D3192BEA-DD1F-4A99-9803-71525864081C}.Debug|Any CPU.Build.0 = Debug|Any CPU
		{D3192BEA-DD1F-4A99-9803-71525864081C}.Debug|Mixed Platforms.ActiveCfg = Debug|x86
		{D3192BEA-DD1F-4A99-9803-71525864081C}.Debug|Mixed Platforms.Build.0 = Debug|x86
		{D3192BEA-DD1F-4A99-9803-71525864081C}.Debug|x64.ActiveCfg = Debug|x64
		{D3192BEA-DD1F-4A99-9803-71525864081C}.Debug|x64.Build.0 = Debug|x64
		{D3192BEA-DD1F-4A99-9803-71525864081C}.Debug|x86.ActiveCfg = Debug|x86
		{D3192BEA-DD1F-4A99-9803-71525864081C}.Debug|x86.Build.0 = Debug|x86
		{D3192BEA-DD1F-4A99-9803-71525864081C}.Release|Any CPU.ActiveCfg = Release|Any CPU
		{D3192BEA-DD1F-4A99-9803-71525864081C}.Release|Any CPU.Build.0 = Release|Any CPU
		{D3192BEA-DD1F-4A99-9803-71525864081C}.Release|Mixed Platforms.ActiveCfg = Release|x86
		{D3192BEA-DD1F-4A99-9803-71525864081C}.Release|Mixed Platforms.Build.0 = Release|x86
		{D3192BEA-DD1F-4A99-9803-71525864081C}.Release|x64.ActiveCfg = Release|x64
		{D3192BEA-DD1F-4A99-9803-71525864081C}.Release|x64.Build.0 = Release|x64
		{D3192BEA-DD1F-4A99-9803-71525864081C}.Release|x86.ActiveCfg = Release|x86
		{D3192BEA-DD1F-4A99-9803-71525864081C}.Release|x86.Build.0 = Release|x86
		{3396133D-4E10-4101-9048-69D11AABD732}.Debug|Any CPU.ActiveCfg = Debug|Any CPU
		{3396133D-4E10-4101-9048-69D11AABD732}.Debug|Any CPU.Build.0 = Debug|Any CPU
		{3396133D-4E10-4101-9048-69D11AABD732}.Debug|Mixed Platforms.ActiveCfg = Debug|x86
		{3396133D-4E10-4101-9048-69D11AABD732}.Debug|Mixed Platforms.Build.0 = Debug|x86
		{3396133D-4E10-4101-9048-69D11AABD732}.Debug|x64.ActiveCfg = Debug|x64
		{3396133D-4E10-4101-9048-69D11AABD732}.Debug|x64.Build.0 = Debug|x64
		{3396133D-4E10-4101-9048-69D11AABD732}.Debug|x86.ActiveCfg = Debug|x86
		{3396133D-4E10-4101-9048-69D11AABD732}.Debug|x86.Build.0 = Debug|x86
		{3396133D-4E10-4101-9048-69D11AABD732}.Release|Any CPU.ActiveCfg = Release|Any CPU
		{3396133D-4E10-4101-9048-69D11AABD732}.Release|Any CPU.Build.0 = Release|Any CPU
		{3396133D-4E10-4101-9048-69D11AABD732}.Release|Mixed Platforms.ActiveCfg = Release|x86
		{3396133D-4E10-4101-9048-69D11AABD732}.Release|Mixed Platforms.Build.0 = Release|x86
		{3396133D-4E10-4101-9048-69D11AABD732}.Release|x64.ActiveCfg = Release|x64
		{3396133D-4E10-4101-9048-69D11AABD732}.Release|x64.Build.0 = Release|x64
		{3396133D-4E10-4101-9048-69D11AABD732}.Release|x86.ActiveCfg = Release|x86
		{3396133D-4E10-4101-9048-69D11AABD732}.Release|x86.Build.0 = Release|x86
		{0F949777-3907-4A67-B5BA-EAC8CD61E5C1}.Debug|Any CPU.ActiveCfg = Debug|Any CPU
		{0F949777-3907-4A67-B5BA-EAC8CD61E5C1}.Debug|Any CPU.Build.0 = Debug|Any CPU
		{0F949777-3907-4A67-B5BA-EAC8CD61E5C1}.Debug|Mixed Platforms.ActiveCfg = Debug|x86
		{0F949777-3907-4A67-B5BA-EAC8CD61E5C1}.Debug|Mixed Platforms.Build.0 = Debug|x86
		{0F949777-3907-4A67-B5BA-EAC8CD61E5C1}.Debug|x64.ActiveCfg = Debug|x64
		{0F949777-3907-4A67-B5BA-EAC8CD61E5C1}.Debug|x64.Build.0 = Debug|x64
		{0F949777-3907-4A67-B5BA-EAC8CD61E5C1}.Debug|x86.ActiveCfg = Debug|x86
		{0F949777-3907-4A67-B5BA-EAC8CD61E5C1}.Debug|x86.Build.0 = Debug|x86
		{0F949777-3907-4A67-B5BA-EAC8CD61E5C1}.Release|Any CPU.ActiveCfg = Release|Any CPU
		{0F949777-3907-4A67-B5BA-EAC8CD61E5C1}.Release|Any CPU.Build.0 = Release|Any CPU
		{0F949777-3907-4A67-B5BA-EAC8CD61E5C1}.Release|Mixed Platforms.ActiveCfg = Release|x86
		{0F949777-3907-4A67-B5BA-EAC8CD61E5C1}.Release|Mixed Platforms.Build.0 = Release|x86
		{0F949777-3907-4A67-B5BA-EAC8CD61E5C1}.Release|x64.ActiveCfg = Release|x64
		{0F949777-3907-4A67-B5BA-EAC8CD61E5C1}.Release|x64.Build.0 = Release|x64
		{0F949777-3907-4A67-B5BA-EAC8CD61E5C1}.Release|x86.ActiveCfg = Release|x86
		{0F949777-3907-4A67-B5BA-EAC8CD61E5C1}.Release|x86.Build.0 = Release|x86
	EndGlobalSection
	GlobalSection(SolutionProperties) = preSolution
		HideSolutionNode = FALSE
	EndGlobalSection
	GlobalSection(NestedProjects) = preSolution
		{5BCEAF76-3A02-4D98-9DD7-9B2AEC598EFC} = {32285FA4-6B46-4D6B-A840-2B13E4C8B58E}
		{2E54C457-F1BD-4447-8F25-7A4451F5754B} = {32285FA4-6B46-4D6B-A840-2B13E4C8B58E}
		{EBD962EE-84A1-4B10-887B-456499FA81CF} = {32285FA4-6B46-4D6B-A840-2B13E4C8B58E}
		{1FC7897A-8731-4792-9678-B575C99AF90C} = {32285FA4-6B46-4D6B-A840-2B13E4C8B58E}
		{30A1F8BA-4AEB-4F09-8B03-2489DCA92863} = {32285FA4-6B46-4D6B-A840-2B13E4C8B58E}
		{72CC5CC4-79C0-47AF-997D-AE591AE04F89} = {32285FA4-6B46-4D6B-A840-2B13E4C8B58E}
		{03D3628D-2673-467C-85E8-BB65D8260F98} = {32285FA4-6B46-4D6B-A840-2B13E4C8B58E}
		{BD3AAE30-5E69-4AC0-8577-420836C8F24A} = {32285FA4-6B46-4D6B-A840-2B13E4C8B58E}
		{518B318C-511B-4736-BBAB-11E05BD6A573} = {32285FA4-6B46-4D6B-A840-2B13E4C8B58E}
		{AE4BB52E-260F-42C5-A8AA-D99BA7C937A3} = {32285FA4-6B46-4D6B-A840-2B13E4C8B58E}
		{BD62A2AF-C124-4158-A479-F060D110B2D3} = {32285FA4-6B46-4D6B-A840-2B13E4C8B58E}
		{8BA9B0F7-F655-48EC-B041-CAE10884A9F6} = {32285FA4-6B46-4D6B-A840-2B13E4C8B58E}
		{7AAABF14-0062-406E-A977-1383975E21BA} = {32285FA4-6B46-4D6B-A840-2B13E4C8B58E}
		{84EB47C5-3E04-4E36-8306-0F16CDA5F3D1} = {32285FA4-6B46-4D6B-A840-2B13E4C8B58E}
		{CCBB368D-72E5-4956-8098-F3D257FC2796} = {32285FA4-6B46-4D6B-A840-2B13E4C8B58E}
		{A9F610FE-68B2-4C7F-B86E-2CE1C871F31E} = {3BA657BF-28B1-42DA-B5B0-1C4601FCF7B1}
		{F7AEC322-8737-491F-B35E-A0EEB947CC9C} = {3BA657BF-28B1-42DA-B5B0-1C4601FCF7B1}
		{3A43524B-D257-48E6-BF4E-7E85A6000328} = {3BA657BF-28B1-42DA-B5B0-1C4601FCF7B1}
		{C88BF07A-D979-45E1-B290-0ECAC7C69230} = {3BA657BF-28B1-42DA-B5B0-1C4601FCF7B1}
		{2064E341-3987-4A0F-93D6-AFECA03D3AC9} = {3BA657BF-28B1-42DA-B5B0-1C4601FCF7B1}
		{474B2928-45D9-48AF-987E-D21D40C65985} = {3BA657BF-28B1-42DA-B5B0-1C4601FCF7B1}
		{93EDA16F-3DA6-4802-8AE4-33A1875FD903} = {3BA657BF-28B1-42DA-B5B0-1C4601FCF7B1}
		{82992538-6F94-41F0-B4DF-B46F0DFE69B7} = {3BA657BF-28B1-42DA-B5B0-1C4601FCF7B1}
		{BA9AA00C-F3F0-4BE2-A130-24A8A2374E3F} = {3BA657BF-28B1-42DA-B5B0-1C4601FCF7B1}
		{32895FD5-D270-48BE-87F1-36062F4B6D36} = {3BA657BF-28B1-42DA-B5B0-1C4601FCF7B1}
		{17F72D60-72D0-4721-9F00-7710EB0941A1} = {3BA657BF-28B1-42DA-B5B0-1C4601FCF7B1}
		{D609B9E6-4FBD-4132-B14F-D0CEA50F38E8} = {3BA657BF-28B1-42DA-B5B0-1C4601FCF7B1}
		{7D8A91CD-5D7A-476C-ADD0-DB3B71401CAA} = {3BA657BF-28B1-42DA-B5B0-1C4601FCF7B1}
		{95AAB621-44BF-431D-ABE1-C857F403C56B} = {3BA657BF-28B1-42DA-B5B0-1C4601FCF7B1}
		{092238BC-13C9-468E-85E9-BF209FC7F3A0} = {3BA657BF-28B1-42DA-B5B0-1C4601FCF7B1}
		{D3192BEA-DD1F-4A99-9803-71525864081C} = {3BA657BF-28B1-42DA-B5B0-1C4601FCF7B1}
		{3396133D-4E10-4101-9048-69D11AABD732} = {3BA657BF-28B1-42DA-B5B0-1C4601FCF7B1}
		{0F949777-3907-4A67-B5BA-EAC8CD61E5C1} = {DAAE4C74-D06F-4874-A166-33305D2643CE}
	EndGlobalSection
EndGlobal
