Microsoft Visual Studio Solution File, Format Version 12.00
# Visual Studio 15
VisualStudioVersion = 15.0.26123.0
MinimumVisualStudioVersion = 10.0.40219.1
Project("{2150E333-8FDC-42A3-9474-1A3956D46DE8}") = "samples", "samples", "{DAAE4C74-D06F-4874-A166-33305D2643CE}"
EndProject
Project("{2150E333-8FDC-42A3-9474-1A3956D46DE8}") = "src", "src", "{32285FA4-6B46-4D6B-A840-2B13E4C8B58E}"
EndProject
Project("{2150E333-8FDC-42A3-9474-1A3956D46DE8}") = "test", "test", "{3BA657BF-28B1-42DA-B5B0-1C4601FCF7B1}"
EndProject
Project("{2150E333-8FDC-42A3-9474-1A3956D46DE8}") = "WebSites", "WebSites", "{16703B76-C9F7-4C75-AE6C-53D92E308E3C}"
EndProject
Project("{2150E333-8FDC-42A3-9474-1A3956D46DE8}") = "Solution Items", "Solution Items", "{FAD65E9C-3CF3-4F68-9757-C7358604030B}"
	ProjectSection(SolutionItems) = preProject
		build\common.props = build\common.props
		NuGet.config = NuGet.config
	EndProjectSection
EndProject
Project("{9A19103F-16F7-4668-BE54-9A1E7A4F7556}") = "Microsoft.AspNetCore.Mvc", "src\Microsoft.AspNetCore.Mvc\Microsoft.AspNetCore.Mvc.csproj", "{5BCEAF76-3A02-4D98-9DD7-9B2AEC598EFC}"
EndProject
Project("{9A19103F-16F7-4668-BE54-9A1E7A4F7556}") = "Microsoft.AspNetCore.Mvc.Abstractions", "src\Microsoft.AspNetCore.Mvc.Abstractions\Microsoft.AspNetCore.Mvc.Abstractions.csproj", "{2E54C457-F1BD-4447-8F25-7A4451F5754B}"
EndProject
Project("{9A19103F-16F7-4668-BE54-9A1E7A4F7556}") = "Microsoft.AspNetCore.Mvc.ApiExplorer", "src\Microsoft.AspNetCore.Mvc.ApiExplorer\Microsoft.AspNetCore.Mvc.ApiExplorer.csproj", "{EBD962EE-84A1-4B10-887B-456499FA81CF}"
EndProject
Project("{9A19103F-16F7-4668-BE54-9A1E7A4F7556}") = "Microsoft.AspNetCore.Mvc.Core", "src\Microsoft.AspNetCore.Mvc.Core\Microsoft.AspNetCore.Mvc.Core.csproj", "{1FC7897A-8731-4792-9678-B575C99AF90C}"
EndProject
Project("{9A19103F-16F7-4668-BE54-9A1E7A4F7556}") = "Microsoft.AspNetCore.Mvc.Cors", "src\Microsoft.AspNetCore.Mvc.Cors\Microsoft.AspNetCore.Mvc.Cors.csproj", "{30A1F8BA-4AEB-4F09-8B03-2489DCA92863}"
EndProject
Project("{9A19103F-16F7-4668-BE54-9A1E7A4F7556}") = "Microsoft.AspNetCore.Mvc.DataAnnotations", "src\Microsoft.AspNetCore.Mvc.DataAnnotations\Microsoft.AspNetCore.Mvc.DataAnnotations.csproj", "{72CC5CC4-79C0-47AF-997D-AE591AE04F89}"
EndProject
Project("{9A19103F-16F7-4668-BE54-9A1E7A4F7556}") = "Microsoft.AspNetCore.Mvc.Formatters.Json", "src\Microsoft.AspNetCore.Mvc.Formatters.Json\Microsoft.AspNetCore.Mvc.Formatters.Json.csproj", "{03D3628D-2673-467C-85E8-BB65D8260F98}"
EndProject
Project("{9A19103F-16F7-4668-BE54-9A1E7A4F7556}") = "Microsoft.AspNetCore.Mvc.Formatters.Xml", "src\Microsoft.AspNetCore.Mvc.Formatters.Xml\Microsoft.AspNetCore.Mvc.Formatters.Xml.csproj", "{BD3AAE30-5E69-4AC0-8577-420836C8F24A}"
EndProject
Project("{9A19103F-16F7-4668-BE54-9A1E7A4F7556}") = "Microsoft.AspNetCore.Mvc.Localization", "src\Microsoft.AspNetCore.Mvc.Localization\Microsoft.AspNetCore.Mvc.Localization.csproj", "{518B318C-511B-4736-BBAB-11E05BD6A573}"
EndProject
Project("{9A19103F-16F7-4668-BE54-9A1E7A4F7556}") = "Microsoft.AspNetCore.Mvc.Razor", "src\Microsoft.AspNetCore.Mvc.Razor\Microsoft.AspNetCore.Mvc.Razor.csproj", "{AE4BB52E-260F-42C5-A8AA-D99BA7C937A3}"
EndProject
Project("{9A19103F-16F7-4668-BE54-9A1E7A4F7556}") = "Microsoft.AspNetCore.Mvc.Razor.Host", "src\Microsoft.AspNetCore.Mvc.Razor.Host\Microsoft.AspNetCore.Mvc.Razor.Host.csproj", "{BD62A2AF-C124-4158-A479-F060D110B2D3}"
EndProject
Project("{9A19103F-16F7-4668-BE54-9A1E7A4F7556}") = "Microsoft.AspNetCore.Mvc.RazorPages", "src\Microsoft.AspNetCore.Mvc.RazorPages\Microsoft.AspNetCore.Mvc.RazorPages.csproj", "{8BA9B0F7-F655-48EC-B041-CAE10884A9F6}"
EndProject
Project("{9A19103F-16F7-4668-BE54-9A1E7A4F7556}") = "Microsoft.AspNetCore.Mvc.TagHelpers", "src\Microsoft.AspNetCore.Mvc.TagHelpers\Microsoft.AspNetCore.Mvc.TagHelpers.csproj", "{7AAABF14-0062-406E-A977-1383975E21BA}"
EndProject
Project("{9A19103F-16F7-4668-BE54-9A1E7A4F7556}") = "Microsoft.AspNetCore.Mvc.ViewFeatures", "src\Microsoft.AspNetCore.Mvc.ViewFeatures\Microsoft.AspNetCore.Mvc.ViewFeatures.csproj", "{84EB47C5-3E04-4E36-8306-0F16CDA5F3D1}"
EndProject
Project("{9A19103F-16F7-4668-BE54-9A1E7A4F7556}") = "Microsoft.AspNetCore.Mvc.WebApiCompatShim", "src\Microsoft.AspNetCore.Mvc.WebApiCompatShim\Microsoft.AspNetCore.Mvc.WebApiCompatShim.csproj", "{CCBB368D-72E5-4956-8098-F3D257FC2796}"
EndProject
Project("{9A19103F-16F7-4668-BE54-9A1E7A4F7556}") = "ApiExplorerWebSite", "test\WebSites\ApiExplorerWebSite\ApiExplorerWebSite.csproj", "{465B3FC6-3CA4-4B4E-994D-5D015E21E1A5}"
EndProject
Project("{9A19103F-16F7-4668-BE54-9A1E7A4F7556}") = "ApplicationModelWebSite", "test\WebSites\ApplicationModelWebSite\ApplicationModelWebSite.csproj", "{4DF5262C-CF4C-4064-9961-70417AC54EF6}"
EndProject
Project("{9A19103F-16F7-4668-BE54-9A1E7A4F7556}") = "ControllersFromServicesClassLibrary", "test\WebSites\ControllersFromServicesClassLibrary\ControllersFromServicesClassLibrary.csproj", "{F2EF4EFB-FF58-49B5-8354-57BED3CF030B}"
EndProject
Project("{9A19103F-16F7-4668-BE54-9A1E7A4F7556}") = "BasicWebSite", "test\WebSites\BasicWebSite\BasicWebSite.csproj", "{89422757-7420-44FA-A1B8-84C51F82E433}"
EndProject
Project("{9A19103F-16F7-4668-BE54-9A1E7A4F7556}") = "ControllersFromServicesWebSite", "test\WebSites\ControllersFromServicesWebSite\ControllersFromServicesWebSite.csproj", "{AA05289B-9BD1-455B-878C-454DC3B7CFEE}"
EndProject
Project("{9A19103F-16F7-4668-BE54-9A1E7A4F7556}") = "CorsWebSite", "test\WebSites\CorsWebSite\CorsWebSite.csproj", "{FA6D7A07-80D5-4C6F-B3A6-FD489D859895}"
EndProject
Project("{9A19103F-16F7-4668-BE54-9A1E7A4F7556}") = "ErrorPageMiddlewareWebSite", "test\WebSites\ErrorPageMiddlewareWebSite\ErrorPageMiddlewareWebSite.csproj", "{DF4837A8-BCD6-41BD-8269-1C730436FC88}"
EndProject
Project("{9A19103F-16F7-4668-BE54-9A1E7A4F7556}") = "FilesWebSite", "test\WebSites\FilesWebSite\FilesWebSite.csproj", "{9508FA89-7C1D-4588-B61E-4EC8D8E902A3}"
EndProject
Project("{9A19103F-16F7-4668-BE54-9A1E7A4F7556}") = "FiltersWebSite", "test\WebSites\FiltersWebSite\FiltersWebSite.csproj", "{7334E6AB-7138-4C25-89C6-779714B32934}"
EndProject
Project("{9A19103F-16F7-4668-BE54-9A1E7A4F7556}") = "FormatterWebSite", "test\WebSites\FormatterWebSite\FormatterWebSite.csproj", "{393E6A95-7D6E-49F8-B495-D9A9BC56FA08}"
EndProject
Project("{9A19103F-16F7-4668-BE54-9A1E7A4F7556}") = "HtmlGenerationWebSite", "test\WebSites\HtmlGenerationWebSite\HtmlGenerationWebSite.csproj", "{25FFAF41-6F2A-440C-ADED-A9EB502EFC6E}"
EndProject
Project("{9A19103F-16F7-4668-BE54-9A1E7A4F7556}") = "Microsoft.AspNetCore.Mvc.TestConfiguration", "test\WebSites\Microsoft.AspNetCore.Mvc.TestConfiguration\Microsoft.AspNetCore.Mvc.TestConfiguration.csproj", "{881DF4AB-CA47-4827-98AC-4B099D0BC65D}"
EndProject
Project("{9A19103F-16F7-4668-BE54-9A1E7A4F7556}") = "RazorPageExecutionInstrumentationWebSite", "test\WebSites\RazorPageExecutionInstrumentationWebSite\RazorPageExecutionInstrumentationWebSite.csproj", "{95C5EEC7-6CBA-4027-B3B0-108849876CA6}"
EndProject
Project("{9A19103F-16F7-4668-BE54-9A1E7A4F7556}") = "RazorWebSite", "test\WebSites\RazorWebSite\RazorWebSite.csproj", "{89ED686E-79B8-4928-8CD1-BADA121B58A4}"
EndProject
Project("{9A19103F-16F7-4668-BE54-9A1E7A4F7556}") = "RoutingWebSite", "test\WebSites\RoutingWebSite\RoutingWebSite.csproj", "{C4B00566-FED2-4461-9675-CF11F64B49C6}"
EndProject
Project("{9A19103F-16F7-4668-BE54-9A1E7A4F7556}") = "SecurityWebSite", "test\WebSites\SecurityWebSite\SecurityWebSite.csproj", "{36A14BED-BC74-47F8-8C6B-E18BCF14C4CE}"
EndProject
Project("{9A19103F-16F7-4668-BE54-9A1E7A4F7556}") = "SimpleWebSite", "test\WebSites\SimpleWebSite\SimpleWebSite.csproj", "{A0D704A7-4CDE-4E55-903A-3850EC46C0EF}"
EndProject
Project("{9A19103F-16F7-4668-BE54-9A1E7A4F7556}") = "TagHelpersWebSite", "test\WebSites\TagHelpersWebSite\TagHelpersWebSite.csproj", "{5DB3190F-634C-4AF6-A0A7-06EFFEFFA793}"
EndProject
Project("{9A19103F-16F7-4668-BE54-9A1E7A4F7556}") = "UserClassLibrary", "test\WebSites\UserClassLibrary\UserClassLibrary.csproj", "{3A42A7BD-F5C1-4EAE-A8E4-0DB2B1816DB3}"
EndProject
Project("{9A19103F-16F7-4668-BE54-9A1E7A4F7556}") = "VersioningWebSite", "test\WebSites\VersioningWebSite\VersioningWebSite.csproj", "{475D44E0-2688-4363-A335-4A032FD925CF}"
EndProject
Project("{9A19103F-16F7-4668-BE54-9A1E7A4F7556}") = "WebApiCompatShimWebSite", "test\WebSites\WebApiCompatShimWebSite\WebApiCompatShimWebSite.csproj", "{CF9651BB-4DFA-4581-BAA4-EA364C34AACF}"
EndProject
Project("{9A19103F-16F7-4668-BE54-9A1E7A4F7556}") = "XmlFormattersWebSite", "test\WebSites\XmlFormattersWebSite\XmlFormattersWebSite.csproj", "{2875C686-F11F-4E61-B1FB-47177AB2C62D}"
EndProject
Project("{9A19103F-16F7-4668-BE54-9A1E7A4F7556}") = "Microsoft.AspNetCore.Mvc.FunctionalTests", "test\Microsoft.AspNetCore.Mvc.FunctionalTests\Microsoft.AspNetCore.Mvc.FunctionalTests.csproj", "{96C37716-F12A-4267-AD01-C35CAAAE5B60}"
EndProject
Project("{9A19103F-16F7-4668-BE54-9A1E7A4F7556}") = "Microsoft.AspNetCore.Mvc.TestCommon", "test\Microsoft.AspNetCore.Mvc.TestCommon\Microsoft.AspNetCore.Mvc.TestCommon.csproj", "{092238BC-13C9-468E-85E9-BF209FC7F3A0}"
EndProject
Project("{9A19103F-16F7-4668-BE54-9A1E7A4F7556}") = "MvcSandbox", "samples\MvcSandbox\MvcSandbox.csproj", "{0F949777-3907-4A67-B5BA-EAC8CD61E5C1}"
EndProject
Global
	GlobalSection(SolutionConfigurationPlatforms) = preSolution
		Debug|Any CPU = Debug|Any CPU
		Debug|Mixed Platforms = Debug|Mixed Platforms
		Debug|x64 = Debug|x64
		Debug|x86 = Debug|x86
		Release|Any CPU = Release|Any CPU
		Release|Mixed Platforms = Release|Mixed Platforms
		Release|x64 = Release|x64
		Release|x86 = Release|x86
	EndGlobalSection
	GlobalSection(ProjectConfigurationPlatforms) = postSolution
		{5BCEAF76-3A02-4D98-9DD7-9B2AEC598EFC}.Debug|Any CPU.ActiveCfg = Debug|Any CPU
		{5BCEAF76-3A02-4D98-9DD7-9B2AEC598EFC}.Debug|Any CPU.Build.0 = Debug|Any CPU
		{5BCEAF76-3A02-4D98-9DD7-9B2AEC598EFC}.Debug|Mixed Platforms.ActiveCfg = Debug|x86
		{5BCEAF76-3A02-4D98-9DD7-9B2AEC598EFC}.Debug|Mixed Platforms.Build.0 = Debug|x86
		{5BCEAF76-3A02-4D98-9DD7-9B2AEC598EFC}.Debug|x64.ActiveCfg = Debug|x64
		{5BCEAF76-3A02-4D98-9DD7-9B2AEC598EFC}.Debug|x64.Build.0 = Debug|x64
		{5BCEAF76-3A02-4D98-9DD7-9B2AEC598EFC}.Debug|x86.ActiveCfg = Debug|x86
		{5BCEAF76-3A02-4D98-9DD7-9B2AEC598EFC}.Debug|x86.Build.0 = Debug|x86
		{5BCEAF76-3A02-4D98-9DD7-9B2AEC598EFC}.Release|Any CPU.ActiveCfg = Release|Any CPU
		{5BCEAF76-3A02-4D98-9DD7-9B2AEC598EFC}.Release|Any CPU.Build.0 = Release|Any CPU
		{5BCEAF76-3A02-4D98-9DD7-9B2AEC598EFC}.Release|Mixed Platforms.ActiveCfg = Release|x86
		{5BCEAF76-3A02-4D98-9DD7-9B2AEC598EFC}.Release|Mixed Platforms.Build.0 = Release|x86
		{5BCEAF76-3A02-4D98-9DD7-9B2AEC598EFC}.Release|x64.ActiveCfg = Release|x64
		{5BCEAF76-3A02-4D98-9DD7-9B2AEC598EFC}.Release|x64.Build.0 = Release|x64
		{5BCEAF76-3A02-4D98-9DD7-9B2AEC598EFC}.Release|x86.ActiveCfg = Release|x86
		{5BCEAF76-3A02-4D98-9DD7-9B2AEC598EFC}.Release|x86.Build.0 = Release|x86
		{2E54C457-F1BD-4447-8F25-7A4451F5754B}.Debug|Any CPU.ActiveCfg = Debug|Any CPU
		{2E54C457-F1BD-4447-8F25-7A4451F5754B}.Debug|Any CPU.Build.0 = Debug|Any CPU
		{2E54C457-F1BD-4447-8F25-7A4451F5754B}.Debug|Mixed Platforms.ActiveCfg = Debug|x86
		{2E54C457-F1BD-4447-8F25-7A4451F5754B}.Debug|Mixed Platforms.Build.0 = Debug|x86
		{2E54C457-F1BD-4447-8F25-7A4451F5754B}.Debug|x64.ActiveCfg = Debug|x64
		{2E54C457-F1BD-4447-8F25-7A4451F5754B}.Debug|x64.Build.0 = Debug|x64
		{2E54C457-F1BD-4447-8F25-7A4451F5754B}.Debug|x86.ActiveCfg = Debug|x86
		{2E54C457-F1BD-4447-8F25-7A4451F5754B}.Debug|x86.Build.0 = Debug|x86
		{2E54C457-F1BD-4447-8F25-7A4451F5754B}.Release|Any CPU.ActiveCfg = Release|Any CPU
		{2E54C457-F1BD-4447-8F25-7A4451F5754B}.Release|Any CPU.Build.0 = Release|Any CPU
		{2E54C457-F1BD-4447-8F25-7A4451F5754B}.Release|Mixed Platforms.ActiveCfg = Release|x86
		{2E54C457-F1BD-4447-8F25-7A4451F5754B}.Release|Mixed Platforms.Build.0 = Release|x86
		{2E54C457-F1BD-4447-8F25-7A4451F5754B}.Release|x64.ActiveCfg = Release|x64
		{2E54C457-F1BD-4447-8F25-7A4451F5754B}.Release|x64.Build.0 = Release|x64
		{2E54C457-F1BD-4447-8F25-7A4451F5754B}.Release|x86.ActiveCfg = Release|x86
		{2E54C457-F1BD-4447-8F25-7A4451F5754B}.Release|x86.Build.0 = Release|x86
		{EBD962EE-84A1-4B10-887B-456499FA81CF}.Debug|Any CPU.ActiveCfg = Debug|Any CPU
		{EBD962EE-84A1-4B10-887B-456499FA81CF}.Debug|Any CPU.Build.0 = Debug|Any CPU
		{EBD962EE-84A1-4B10-887B-456499FA81CF}.Debug|Mixed Platforms.ActiveCfg = Debug|x86
		{EBD962EE-84A1-4B10-887B-456499FA81CF}.Debug|Mixed Platforms.Build.0 = Debug|x86
		{EBD962EE-84A1-4B10-887B-456499FA81CF}.Debug|x64.ActiveCfg = Debug|x64
		{EBD962EE-84A1-4B10-887B-456499FA81CF}.Debug|x64.Build.0 = Debug|x64
		{EBD962EE-84A1-4B10-887B-456499FA81CF}.Debug|x86.ActiveCfg = Debug|x86
		{EBD962EE-84A1-4B10-887B-456499FA81CF}.Debug|x86.Build.0 = Debug|x86
		{EBD962EE-84A1-4B10-887B-456499FA81CF}.Release|Any CPU.ActiveCfg = Release|Any CPU
		{EBD962EE-84A1-4B10-887B-456499FA81CF}.Release|Any CPU.Build.0 = Release|Any CPU
		{EBD962EE-84A1-4B10-887B-456499FA81CF}.Release|Mixed Platforms.ActiveCfg = Release|x86
		{EBD962EE-84A1-4B10-887B-456499FA81CF}.Release|Mixed Platforms.Build.0 = Release|x86
		{EBD962EE-84A1-4B10-887B-456499FA81CF}.Release|x64.ActiveCfg = Release|x64
		{EBD962EE-84A1-4B10-887B-456499FA81CF}.Release|x64.Build.0 = Release|x64
		{EBD962EE-84A1-4B10-887B-456499FA81CF}.Release|x86.ActiveCfg = Release|x86
		{EBD962EE-84A1-4B10-887B-456499FA81CF}.Release|x86.Build.0 = Release|x86
		{1FC7897A-8731-4792-9678-B575C99AF90C}.Debug|Any CPU.ActiveCfg = Debug|Any CPU
		{1FC7897A-8731-4792-9678-B575C99AF90C}.Debug|Any CPU.Build.0 = Debug|Any CPU
		{1FC7897A-8731-4792-9678-B575C99AF90C}.Debug|Mixed Platforms.ActiveCfg = Debug|x86
		{1FC7897A-8731-4792-9678-B575C99AF90C}.Debug|Mixed Platforms.Build.0 = Debug|x86
		{1FC7897A-8731-4792-9678-B575C99AF90C}.Debug|x64.ActiveCfg = Debug|x64
		{1FC7897A-8731-4792-9678-B575C99AF90C}.Debug|x64.Build.0 = Debug|x64
		{1FC7897A-8731-4792-9678-B575C99AF90C}.Debug|x86.ActiveCfg = Debug|x86
		{1FC7897A-8731-4792-9678-B575C99AF90C}.Debug|x86.Build.0 = Debug|x86
		{1FC7897A-8731-4792-9678-B575C99AF90C}.Release|Any CPU.ActiveCfg = Release|Any CPU
		{1FC7897A-8731-4792-9678-B575C99AF90C}.Release|Any CPU.Build.0 = Release|Any CPU
		{1FC7897A-8731-4792-9678-B575C99AF90C}.Release|Mixed Platforms.ActiveCfg = Release|x86
		{1FC7897A-8731-4792-9678-B575C99AF90C}.Release|Mixed Platforms.Build.0 = Release|x86
		{1FC7897A-8731-4792-9678-B575C99AF90C}.Release|x64.ActiveCfg = Release|x64
		{1FC7897A-8731-4792-9678-B575C99AF90C}.Release|x64.Build.0 = Release|x64
		{1FC7897A-8731-4792-9678-B575C99AF90C}.Release|x86.ActiveCfg = Release|x86
		{1FC7897A-8731-4792-9678-B575C99AF90C}.Release|x86.Build.0 = Release|x86
		{30A1F8BA-4AEB-4F09-8B03-2489DCA92863}.Debug|Any CPU.ActiveCfg = Debug|Any CPU
		{30A1F8BA-4AEB-4F09-8B03-2489DCA92863}.Debug|Any CPU.Build.0 = Debug|Any CPU
		{30A1F8BA-4AEB-4F09-8B03-2489DCA92863}.Debug|Mixed Platforms.ActiveCfg = Debug|x86
		{30A1F8BA-4AEB-4F09-8B03-2489DCA92863}.Debug|Mixed Platforms.Build.0 = Debug|x86
		{30A1F8BA-4AEB-4F09-8B03-2489DCA92863}.Debug|x64.ActiveCfg = Debug|x64
		{30A1F8BA-4AEB-4F09-8B03-2489DCA92863}.Debug|x64.Build.0 = Debug|x64
		{30A1F8BA-4AEB-4F09-8B03-2489DCA92863}.Debug|x86.ActiveCfg = Debug|x86
		{30A1F8BA-4AEB-4F09-8B03-2489DCA92863}.Debug|x86.Build.0 = Debug|x86
		{30A1F8BA-4AEB-4F09-8B03-2489DCA92863}.Release|Any CPU.ActiveCfg = Release|Any CPU
		{30A1F8BA-4AEB-4F09-8B03-2489DCA92863}.Release|Any CPU.Build.0 = Release|Any CPU
		{30A1F8BA-4AEB-4F09-8B03-2489DCA92863}.Release|Mixed Platforms.ActiveCfg = Release|x86
		{30A1F8BA-4AEB-4F09-8B03-2489DCA92863}.Release|Mixed Platforms.Build.0 = Release|x86
		{30A1F8BA-4AEB-4F09-8B03-2489DCA92863}.Release|x64.ActiveCfg = Release|x64
		{30A1F8BA-4AEB-4F09-8B03-2489DCA92863}.Release|x64.Build.0 = Release|x64
		{30A1F8BA-4AEB-4F09-8B03-2489DCA92863}.Release|x86.ActiveCfg = Release|x86
		{30A1F8BA-4AEB-4F09-8B03-2489DCA92863}.Release|x86.Build.0 = Release|x86
		{72CC5CC4-79C0-47AF-997D-AE591AE04F89}.Debug|Any CPU.ActiveCfg = Debug|Any CPU
		{72CC5CC4-79C0-47AF-997D-AE591AE04F89}.Debug|Any CPU.Build.0 = Debug|Any CPU
		{72CC5CC4-79C0-47AF-997D-AE591AE04F89}.Debug|Mixed Platforms.ActiveCfg = Debug|x86
		{72CC5CC4-79C0-47AF-997D-AE591AE04F89}.Debug|Mixed Platforms.Build.0 = Debug|x86
		{72CC5CC4-79C0-47AF-997D-AE591AE04F89}.Debug|x64.ActiveCfg = Debug|x64
		{72CC5CC4-79C0-47AF-997D-AE591AE04F89}.Debug|x64.Build.0 = Debug|x64
		{72CC5CC4-79C0-47AF-997D-AE591AE04F89}.Debug|x86.ActiveCfg = Debug|x86
		{72CC5CC4-79C0-47AF-997D-AE591AE04F89}.Debug|x86.Build.0 = Debug|x86
		{72CC5CC4-79C0-47AF-997D-AE591AE04F89}.Release|Any CPU.ActiveCfg = Release|Any CPU
		{72CC5CC4-79C0-47AF-997D-AE591AE04F89}.Release|Any CPU.Build.0 = Release|Any CPU
		{72CC5CC4-79C0-47AF-997D-AE591AE04F89}.Release|Mixed Platforms.ActiveCfg = Release|x86
		{72CC5CC4-79C0-47AF-997D-AE591AE04F89}.Release|Mixed Platforms.Build.0 = Release|x86
		{72CC5CC4-79C0-47AF-997D-AE591AE04F89}.Release|x64.ActiveCfg = Release|x64
		{72CC5CC4-79C0-47AF-997D-AE591AE04F89}.Release|x64.Build.0 = Release|x64
		{72CC5CC4-79C0-47AF-997D-AE591AE04F89}.Release|x86.ActiveCfg = Release|x86
		{72CC5CC4-79C0-47AF-997D-AE591AE04F89}.Release|x86.Build.0 = Release|x86
		{03D3628D-2673-467C-85E8-BB65D8260F98}.Debug|Any CPU.ActiveCfg = Debug|Any CPU
		{03D3628D-2673-467C-85E8-BB65D8260F98}.Debug|Any CPU.Build.0 = Debug|Any CPU
		{03D3628D-2673-467C-85E8-BB65D8260F98}.Debug|Mixed Platforms.ActiveCfg = Debug|x86
		{03D3628D-2673-467C-85E8-BB65D8260F98}.Debug|Mixed Platforms.Build.0 = Debug|x86
		{03D3628D-2673-467C-85E8-BB65D8260F98}.Debug|x64.ActiveCfg = Debug|x64
		{03D3628D-2673-467C-85E8-BB65D8260F98}.Debug|x64.Build.0 = Debug|x64
		{03D3628D-2673-467C-85E8-BB65D8260F98}.Debug|x86.ActiveCfg = Debug|x86
		{03D3628D-2673-467C-85E8-BB65D8260F98}.Debug|x86.Build.0 = Debug|x86
		{03D3628D-2673-467C-85E8-BB65D8260F98}.Release|Any CPU.ActiveCfg = Release|Any CPU
		{03D3628D-2673-467C-85E8-BB65D8260F98}.Release|Any CPU.Build.0 = Release|Any CPU
		{03D3628D-2673-467C-85E8-BB65D8260F98}.Release|Mixed Platforms.ActiveCfg = Release|x86
		{03D3628D-2673-467C-85E8-BB65D8260F98}.Release|Mixed Platforms.Build.0 = Release|x86
		{03D3628D-2673-467C-85E8-BB65D8260F98}.Release|x64.ActiveCfg = Release|x64
		{03D3628D-2673-467C-85E8-BB65D8260F98}.Release|x64.Build.0 = Release|x64
		{03D3628D-2673-467C-85E8-BB65D8260F98}.Release|x86.ActiveCfg = Release|x86
		{03D3628D-2673-467C-85E8-BB65D8260F98}.Release|x86.Build.0 = Release|x86
		{BD3AAE30-5E69-4AC0-8577-420836C8F24A}.Debug|Any CPU.ActiveCfg = Debug|Any CPU
		{BD3AAE30-5E69-4AC0-8577-420836C8F24A}.Debug|Any CPU.Build.0 = Debug|Any CPU
		{BD3AAE30-5E69-4AC0-8577-420836C8F24A}.Debug|Mixed Platforms.ActiveCfg = Debug|x86
		{BD3AAE30-5E69-4AC0-8577-420836C8F24A}.Debug|Mixed Platforms.Build.0 = Debug|x86
		{BD3AAE30-5E69-4AC0-8577-420836C8F24A}.Debug|x64.ActiveCfg = Debug|x64
		{BD3AAE30-5E69-4AC0-8577-420836C8F24A}.Debug|x64.Build.0 = Debug|x64
		{BD3AAE30-5E69-4AC0-8577-420836C8F24A}.Debug|x86.ActiveCfg = Debug|x86
		{BD3AAE30-5E69-4AC0-8577-420836C8F24A}.Debug|x86.Build.0 = Debug|x86
		{BD3AAE30-5E69-4AC0-8577-420836C8F24A}.Release|Any CPU.ActiveCfg = Release|Any CPU
		{BD3AAE30-5E69-4AC0-8577-420836C8F24A}.Release|Any CPU.Build.0 = Release|Any CPU
		{BD3AAE30-5E69-4AC0-8577-420836C8F24A}.Release|Mixed Platforms.ActiveCfg = Release|x86
		{BD3AAE30-5E69-4AC0-8577-420836C8F24A}.Release|Mixed Platforms.Build.0 = Release|x86
		{BD3AAE30-5E69-4AC0-8577-420836C8F24A}.Release|x64.ActiveCfg = Release|x64
		{BD3AAE30-5E69-4AC0-8577-420836C8F24A}.Release|x64.Build.0 = Release|x64
		{BD3AAE30-5E69-4AC0-8577-420836C8F24A}.Release|x86.ActiveCfg = Release|x86
		{BD3AAE30-5E69-4AC0-8577-420836C8F24A}.Release|x86.Build.0 = Release|x86
		{518B318C-511B-4736-BBAB-11E05BD6A573}.Debug|Any CPU.ActiveCfg = Debug|Any CPU
		{518B318C-511B-4736-BBAB-11E05BD6A573}.Debug|Any CPU.Build.0 = Debug|Any CPU
		{518B318C-511B-4736-BBAB-11E05BD6A573}.Debug|Mixed Platforms.ActiveCfg = Debug|x86
		{518B318C-511B-4736-BBAB-11E05BD6A573}.Debug|Mixed Platforms.Build.0 = Debug|x86
		{518B318C-511B-4736-BBAB-11E05BD6A573}.Debug|x64.ActiveCfg = Debug|x64
		{518B318C-511B-4736-BBAB-11E05BD6A573}.Debug|x64.Build.0 = Debug|x64
		{518B318C-511B-4736-BBAB-11E05BD6A573}.Debug|x86.ActiveCfg = Debug|x86
		{518B318C-511B-4736-BBAB-11E05BD6A573}.Debug|x86.Build.0 = Debug|x86
		{518B318C-511B-4736-BBAB-11E05BD6A573}.Release|Any CPU.ActiveCfg = Release|Any CPU
		{518B318C-511B-4736-BBAB-11E05BD6A573}.Release|Any CPU.Build.0 = Release|Any CPU
		{518B318C-511B-4736-BBAB-11E05BD6A573}.Release|Mixed Platforms.ActiveCfg = Release|x86
		{518B318C-511B-4736-BBAB-11E05BD6A573}.Release|Mixed Platforms.Build.0 = Release|x86
		{518B318C-511B-4736-BBAB-11E05BD6A573}.Release|x64.ActiveCfg = Release|x64
		{518B318C-511B-4736-BBAB-11E05BD6A573}.Release|x64.Build.0 = Release|x64
		{518B318C-511B-4736-BBAB-11E05BD6A573}.Release|x86.ActiveCfg = Release|x86
		{518B318C-511B-4736-BBAB-11E05BD6A573}.Release|x86.Build.0 = Release|x86
		{AE4BB52E-260F-42C5-A8AA-D99BA7C937A3}.Debug|Any CPU.ActiveCfg = Debug|Any CPU
		{AE4BB52E-260F-42C5-A8AA-D99BA7C937A3}.Debug|Any CPU.Build.0 = Debug|Any CPU
		{AE4BB52E-260F-42C5-A8AA-D99BA7C937A3}.Debug|Mixed Platforms.ActiveCfg = Debug|x86
		{AE4BB52E-260F-42C5-A8AA-D99BA7C937A3}.Debug|Mixed Platforms.Build.0 = Debug|x86
		{AE4BB52E-260F-42C5-A8AA-D99BA7C937A3}.Debug|x64.ActiveCfg = Debug|x64
		{AE4BB52E-260F-42C5-A8AA-D99BA7C937A3}.Debug|x64.Build.0 = Debug|x64
		{AE4BB52E-260F-42C5-A8AA-D99BA7C937A3}.Debug|x86.ActiveCfg = Debug|x86
		{AE4BB52E-260F-42C5-A8AA-D99BA7C937A3}.Debug|x86.Build.0 = Debug|x86
		{AE4BB52E-260F-42C5-A8AA-D99BA7C937A3}.Release|Any CPU.ActiveCfg = Release|Any CPU
		{AE4BB52E-260F-42C5-A8AA-D99BA7C937A3}.Release|Any CPU.Build.0 = Release|Any CPU
		{AE4BB52E-260F-42C5-A8AA-D99BA7C937A3}.Release|Mixed Platforms.ActiveCfg = Release|x86
		{AE4BB52E-260F-42C5-A8AA-D99BA7C937A3}.Release|Mixed Platforms.Build.0 = Release|x86
		{AE4BB52E-260F-42C5-A8AA-D99BA7C937A3}.Release|x64.ActiveCfg = Release|x64
		{AE4BB52E-260F-42C5-A8AA-D99BA7C937A3}.Release|x64.Build.0 = Release|x64
		{AE4BB52E-260F-42C5-A8AA-D99BA7C937A3}.Release|x86.ActiveCfg = Release|x86
		{AE4BB52E-260F-42C5-A8AA-D99BA7C937A3}.Release|x86.Build.0 = Release|x86
		{BD62A2AF-C124-4158-A479-F060D110B2D3}.Debug|Any CPU.ActiveCfg = Debug|Any CPU
		{BD62A2AF-C124-4158-A479-F060D110B2D3}.Debug|Any CPU.Build.0 = Debug|Any CPU
		{BD62A2AF-C124-4158-A479-F060D110B2D3}.Debug|Mixed Platforms.ActiveCfg = Debug|x86
		{BD62A2AF-C124-4158-A479-F060D110B2D3}.Debug|Mixed Platforms.Build.0 = Debug|x86
		{BD62A2AF-C124-4158-A479-F060D110B2D3}.Debug|x64.ActiveCfg = Debug|x64
		{BD62A2AF-C124-4158-A479-F060D110B2D3}.Debug|x64.Build.0 = Debug|x64
		{BD62A2AF-C124-4158-A479-F060D110B2D3}.Debug|x86.ActiveCfg = Debug|x86
		{BD62A2AF-C124-4158-A479-F060D110B2D3}.Debug|x86.Build.0 = Debug|x86
		{BD62A2AF-C124-4158-A479-F060D110B2D3}.Release|Any CPU.ActiveCfg = Release|Any CPU
		{BD62A2AF-C124-4158-A479-F060D110B2D3}.Release|Any CPU.Build.0 = Release|Any CPU
		{BD62A2AF-C124-4158-A479-F060D110B2D3}.Release|Mixed Platforms.ActiveCfg = Release|x86
		{BD62A2AF-C124-4158-A479-F060D110B2D3}.Release|Mixed Platforms.Build.0 = Release|x86
		{BD62A2AF-C124-4158-A479-F060D110B2D3}.Release|x64.ActiveCfg = Release|x64
		{BD62A2AF-C124-4158-A479-F060D110B2D3}.Release|x64.Build.0 = Release|x64
		{BD62A2AF-C124-4158-A479-F060D110B2D3}.Release|x86.ActiveCfg = Release|x86
		{BD62A2AF-C124-4158-A479-F060D110B2D3}.Release|x86.Build.0 = Release|x86
		{8BA9B0F7-F655-48EC-B041-CAE10884A9F6}.Debug|Any CPU.ActiveCfg = Debug|Any CPU
		{8BA9B0F7-F655-48EC-B041-CAE10884A9F6}.Debug|Any CPU.Build.0 = Debug|Any CPU
		{8BA9B0F7-F655-48EC-B041-CAE10884A9F6}.Debug|Mixed Platforms.ActiveCfg = Debug|x86
		{8BA9B0F7-F655-48EC-B041-CAE10884A9F6}.Debug|Mixed Platforms.Build.0 = Debug|x86
		{8BA9B0F7-F655-48EC-B041-CAE10884A9F6}.Debug|x64.ActiveCfg = Debug|x64
		{8BA9B0F7-F655-48EC-B041-CAE10884A9F6}.Debug|x64.Build.0 = Debug|x64
		{8BA9B0F7-F655-48EC-B041-CAE10884A9F6}.Debug|x86.ActiveCfg = Debug|x86
		{8BA9B0F7-F655-48EC-B041-CAE10884A9F6}.Debug|x86.Build.0 = Debug|x86
		{8BA9B0F7-F655-48EC-B041-CAE10884A9F6}.Release|Any CPU.ActiveCfg = Release|Any CPU
		{8BA9B0F7-F655-48EC-B041-CAE10884A9F6}.Release|Any CPU.Build.0 = Release|Any CPU
		{8BA9B0F7-F655-48EC-B041-CAE10884A9F6}.Release|Mixed Platforms.ActiveCfg = Release|x86
		{8BA9B0F7-F655-48EC-B041-CAE10884A9F6}.Release|Mixed Platforms.Build.0 = Release|x86
		{8BA9B0F7-F655-48EC-B041-CAE10884A9F6}.Release|x64.ActiveCfg = Release|x64
		{8BA9B0F7-F655-48EC-B041-CAE10884A9F6}.Release|x64.Build.0 = Release|x64
		{8BA9B0F7-F655-48EC-B041-CAE10884A9F6}.Release|x86.ActiveCfg = Release|x86
		{8BA9B0F7-F655-48EC-B041-CAE10884A9F6}.Release|x86.Build.0 = Release|x86
		{7AAABF14-0062-406E-A977-1383975E21BA}.Debug|Any CPU.ActiveCfg = Debug|Any CPU
		{7AAABF14-0062-406E-A977-1383975E21BA}.Debug|Any CPU.Build.0 = Debug|Any CPU
		{7AAABF14-0062-406E-A977-1383975E21BA}.Debug|Mixed Platforms.ActiveCfg = Debug|x86
		{7AAABF14-0062-406E-A977-1383975E21BA}.Debug|Mixed Platforms.Build.0 = Debug|x86
		{7AAABF14-0062-406E-A977-1383975E21BA}.Debug|x64.ActiveCfg = Debug|x64
		{7AAABF14-0062-406E-A977-1383975E21BA}.Debug|x64.Build.0 = Debug|x64
		{7AAABF14-0062-406E-A977-1383975E21BA}.Debug|x86.ActiveCfg = Debug|x86
		{7AAABF14-0062-406E-A977-1383975E21BA}.Debug|x86.Build.0 = Debug|x86
		{7AAABF14-0062-406E-A977-1383975E21BA}.Release|Any CPU.ActiveCfg = Release|Any CPU
		{7AAABF14-0062-406E-A977-1383975E21BA}.Release|Any CPU.Build.0 = Release|Any CPU
		{7AAABF14-0062-406E-A977-1383975E21BA}.Release|Mixed Platforms.ActiveCfg = Release|x86
		{7AAABF14-0062-406E-A977-1383975E21BA}.Release|Mixed Platforms.Build.0 = Release|x86
		{7AAABF14-0062-406E-A977-1383975E21BA}.Release|x64.ActiveCfg = Release|x64
		{7AAABF14-0062-406E-A977-1383975E21BA}.Release|x64.Build.0 = Release|x64
		{7AAABF14-0062-406E-A977-1383975E21BA}.Release|x86.ActiveCfg = Release|x86
		{7AAABF14-0062-406E-A977-1383975E21BA}.Release|x86.Build.0 = Release|x86
		{84EB47C5-3E04-4E36-8306-0F16CDA5F3D1}.Debug|Any CPU.ActiveCfg = Debug|Any CPU
		{84EB47C5-3E04-4E36-8306-0F16CDA5F3D1}.Debug|Any CPU.Build.0 = Debug|Any CPU
		{84EB47C5-3E04-4E36-8306-0F16CDA5F3D1}.Debug|Mixed Platforms.ActiveCfg = Debug|x86
		{84EB47C5-3E04-4E36-8306-0F16CDA5F3D1}.Debug|Mixed Platforms.Build.0 = Debug|x86
		{84EB47C5-3E04-4E36-8306-0F16CDA5F3D1}.Debug|x64.ActiveCfg = Debug|x64
		{84EB47C5-3E04-4E36-8306-0F16CDA5F3D1}.Debug|x64.Build.0 = Debug|x64
		{84EB47C5-3E04-4E36-8306-0F16CDA5F3D1}.Debug|x86.ActiveCfg = Debug|x86
		{84EB47C5-3E04-4E36-8306-0F16CDA5F3D1}.Debug|x86.Build.0 = Debug|x86
		{84EB47C5-3E04-4E36-8306-0F16CDA5F3D1}.Release|Any CPU.ActiveCfg = Release|Any CPU
		{84EB47C5-3E04-4E36-8306-0F16CDA5F3D1}.Release|Any CPU.Build.0 = Release|Any CPU
		{84EB47C5-3E04-4E36-8306-0F16CDA5F3D1}.Release|Mixed Platforms.ActiveCfg = Release|x86
		{84EB47C5-3E04-4E36-8306-0F16CDA5F3D1}.Release|Mixed Platforms.Build.0 = Release|x86
		{84EB47C5-3E04-4E36-8306-0F16CDA5F3D1}.Release|x64.ActiveCfg = Release|x64
		{84EB47C5-3E04-4E36-8306-0F16CDA5F3D1}.Release|x64.Build.0 = Release|x64
		{84EB47C5-3E04-4E36-8306-0F16CDA5F3D1}.Release|x86.ActiveCfg = Release|x86
		{84EB47C5-3E04-4E36-8306-0F16CDA5F3D1}.Release|x86.Build.0 = Release|x86
		{CCBB368D-72E5-4956-8098-F3D257FC2796}.Debug|Any CPU.ActiveCfg = Debug|Any CPU
		{CCBB368D-72E5-4956-8098-F3D257FC2796}.Debug|Any CPU.Build.0 = Debug|Any CPU
		{CCBB368D-72E5-4956-8098-F3D257FC2796}.Debug|Mixed Platforms.ActiveCfg = Debug|x86
		{CCBB368D-72E5-4956-8098-F3D257FC2796}.Debug|Mixed Platforms.Build.0 = Debug|x86
		{CCBB368D-72E5-4956-8098-F3D257FC2796}.Debug|x64.ActiveCfg = Debug|x64
		{CCBB368D-72E5-4956-8098-F3D257FC2796}.Debug|x64.Build.0 = Debug|x64
		{CCBB368D-72E5-4956-8098-F3D257FC2796}.Debug|x86.ActiveCfg = Debug|x86
		{CCBB368D-72E5-4956-8098-F3D257FC2796}.Debug|x86.Build.0 = Debug|x86
		{CCBB368D-72E5-4956-8098-F3D257FC2796}.Release|Any CPU.ActiveCfg = Release|Any CPU
		{CCBB368D-72E5-4956-8098-F3D257FC2796}.Release|Any CPU.Build.0 = Release|Any CPU
		{CCBB368D-72E5-4956-8098-F3D257FC2796}.Release|Mixed Platforms.ActiveCfg = Release|x86
		{CCBB368D-72E5-4956-8098-F3D257FC2796}.Release|Mixed Platforms.Build.0 = Release|x86
		{CCBB368D-72E5-4956-8098-F3D257FC2796}.Release|x64.ActiveCfg = Release|x64
		{CCBB368D-72E5-4956-8098-F3D257FC2796}.Release|x64.Build.0 = Release|x64
		{CCBB368D-72E5-4956-8098-F3D257FC2796}.Release|x86.ActiveCfg = Release|x86
		{CCBB368D-72E5-4956-8098-F3D257FC2796}.Release|x86.Build.0 = Release|x86
		{465B3FC6-3CA4-4B4E-994D-5D015E21E1A5}.Debug|Any CPU.ActiveCfg = Debug|Any CPU
		{465B3FC6-3CA4-4B4E-994D-5D015E21E1A5}.Debug|Any CPU.Build.0 = Debug|Any CPU
		{465B3FC6-3CA4-4B4E-994D-5D015E21E1A5}.Debug|Mixed Platforms.ActiveCfg = Debug|x86
		{465B3FC6-3CA4-4B4E-994D-5D015E21E1A5}.Debug|Mixed Platforms.Build.0 = Debug|x86
		{465B3FC6-3CA4-4B4E-994D-5D015E21E1A5}.Debug|x64.ActiveCfg = Debug|x64
		{465B3FC6-3CA4-4B4E-994D-5D015E21E1A5}.Debug|x64.Build.0 = Debug|x64
		{465B3FC6-3CA4-4B4E-994D-5D015E21E1A5}.Debug|x86.ActiveCfg = Debug|x86
		{465B3FC6-3CA4-4B4E-994D-5D015E21E1A5}.Debug|x86.Build.0 = Debug|x86
		{465B3FC6-3CA4-4B4E-994D-5D015E21E1A5}.Release|Any CPU.ActiveCfg = Release|Any CPU
		{465B3FC6-3CA4-4B4E-994D-5D015E21E1A5}.Release|Any CPU.Build.0 = Release|Any CPU
		{465B3FC6-3CA4-4B4E-994D-5D015E21E1A5}.Release|Mixed Platforms.ActiveCfg = Release|x86
		{465B3FC6-3CA4-4B4E-994D-5D015E21E1A5}.Release|Mixed Platforms.Build.0 = Release|x86
		{465B3FC6-3CA4-4B4E-994D-5D015E21E1A5}.Release|x64.ActiveCfg = Release|x64
		{465B3FC6-3CA4-4B4E-994D-5D015E21E1A5}.Release|x64.Build.0 = Release|x64
		{465B3FC6-3CA4-4B4E-994D-5D015E21E1A5}.Release|x86.ActiveCfg = Release|x86
		{465B3FC6-3CA4-4B4E-994D-5D015E21E1A5}.Release|x86.Build.0 = Release|x86
		{4DF5262C-CF4C-4064-9961-70417AC54EF6}.Debug|Any CPU.ActiveCfg = Debug|Any CPU
		{4DF5262C-CF4C-4064-9961-70417AC54EF6}.Debug|Any CPU.Build.0 = Debug|Any CPU
		{4DF5262C-CF4C-4064-9961-70417AC54EF6}.Debug|Mixed Platforms.ActiveCfg = Debug|x86
		{4DF5262C-CF4C-4064-9961-70417AC54EF6}.Debug|Mixed Platforms.Build.0 = Debug|x86
		{4DF5262C-CF4C-4064-9961-70417AC54EF6}.Debug|x64.ActiveCfg = Debug|x64
		{4DF5262C-CF4C-4064-9961-70417AC54EF6}.Debug|x64.Build.0 = Debug|x64
		{4DF5262C-CF4C-4064-9961-70417AC54EF6}.Debug|x86.ActiveCfg = Debug|x86
		{4DF5262C-CF4C-4064-9961-70417AC54EF6}.Debug|x86.Build.0 = Debug|x86
		{4DF5262C-CF4C-4064-9961-70417AC54EF6}.Release|Any CPU.ActiveCfg = Release|Any CPU
		{4DF5262C-CF4C-4064-9961-70417AC54EF6}.Release|Any CPU.Build.0 = Release|Any CPU
		{4DF5262C-CF4C-4064-9961-70417AC54EF6}.Release|Mixed Platforms.ActiveCfg = Release|x86
		{4DF5262C-CF4C-4064-9961-70417AC54EF6}.Release|Mixed Platforms.Build.0 = Release|x86
		{4DF5262C-CF4C-4064-9961-70417AC54EF6}.Release|x64.ActiveCfg = Release|x64
		{4DF5262C-CF4C-4064-9961-70417AC54EF6}.Release|x64.Build.0 = Release|x64
		{4DF5262C-CF4C-4064-9961-70417AC54EF6}.Release|x86.ActiveCfg = Release|x86
		{4DF5262C-CF4C-4064-9961-70417AC54EF6}.Release|x86.Build.0 = Release|x86
		{F2EF4EFB-FF58-49B5-8354-57BED3CF030B}.Debug|Any CPU.ActiveCfg = Debug|Any CPU
		{F2EF4EFB-FF58-49B5-8354-57BED3CF030B}.Debug|Any CPU.Build.0 = Debug|Any CPU
		{F2EF4EFB-FF58-49B5-8354-57BED3CF030B}.Debug|Mixed Platforms.ActiveCfg = Debug|x86
		{F2EF4EFB-FF58-49B5-8354-57BED3CF030B}.Debug|Mixed Platforms.Build.0 = Debug|x86
		{F2EF4EFB-FF58-49B5-8354-57BED3CF030B}.Debug|x64.ActiveCfg = Debug|x64
		{F2EF4EFB-FF58-49B5-8354-57BED3CF030B}.Debug|x64.Build.0 = Debug|x64
		{F2EF4EFB-FF58-49B5-8354-57BED3CF030B}.Debug|x86.ActiveCfg = Debug|x86
		{F2EF4EFB-FF58-49B5-8354-57BED3CF030B}.Debug|x86.Build.0 = Debug|x86
		{F2EF4EFB-FF58-49B5-8354-57BED3CF030B}.Release|Any CPU.ActiveCfg = Release|Any CPU
		{F2EF4EFB-FF58-49B5-8354-57BED3CF030B}.Release|Any CPU.Build.0 = Release|Any CPU
		{F2EF4EFB-FF58-49B5-8354-57BED3CF030B}.Release|Mixed Platforms.ActiveCfg = Release|x86
		{F2EF4EFB-FF58-49B5-8354-57BED3CF030B}.Release|Mixed Platforms.Build.0 = Release|x86
		{F2EF4EFB-FF58-49B5-8354-57BED3CF030B}.Release|x64.ActiveCfg = Release|x64
		{F2EF4EFB-FF58-49B5-8354-57BED3CF030B}.Release|x64.Build.0 = Release|x64
		{F2EF4EFB-FF58-49B5-8354-57BED3CF030B}.Release|x86.ActiveCfg = Release|x86
		{F2EF4EFB-FF58-49B5-8354-57BED3CF030B}.Release|x86.Build.0 = Release|x86
		{89422757-7420-44FA-A1B8-84C51F82E433}.Debug|Any CPU.ActiveCfg = Debug|Any CPU
		{89422757-7420-44FA-A1B8-84C51F82E433}.Debug|Any CPU.Build.0 = Debug|Any CPU
		{89422757-7420-44FA-A1B8-84C51F82E433}.Debug|Mixed Platforms.ActiveCfg = Debug|x86
		{89422757-7420-44FA-A1B8-84C51F82E433}.Debug|Mixed Platforms.Build.0 = Debug|x86
		{89422757-7420-44FA-A1B8-84C51F82E433}.Debug|x64.ActiveCfg = Debug|x64
		{89422757-7420-44FA-A1B8-84C51F82E433}.Debug|x64.Build.0 = Debug|x64
		{89422757-7420-44FA-A1B8-84C51F82E433}.Debug|x86.ActiveCfg = Debug|x86
		{89422757-7420-44FA-A1B8-84C51F82E433}.Debug|x86.Build.0 = Debug|x86
		{89422757-7420-44FA-A1B8-84C51F82E433}.Release|Any CPU.ActiveCfg = Release|Any CPU
		{89422757-7420-44FA-A1B8-84C51F82E433}.Release|Any CPU.Build.0 = Release|Any CPU
		{89422757-7420-44FA-A1B8-84C51F82E433}.Release|Mixed Platforms.ActiveCfg = Release|x86
		{89422757-7420-44FA-A1B8-84C51F82E433}.Release|Mixed Platforms.Build.0 = Release|x86
		{89422757-7420-44FA-A1B8-84C51F82E433}.Release|x64.ActiveCfg = Release|x64
		{89422757-7420-44FA-A1B8-84C51F82E433}.Release|x64.Build.0 = Release|x64
		{89422757-7420-44FA-A1B8-84C51F82E433}.Release|x86.ActiveCfg = Release|x86
		{89422757-7420-44FA-A1B8-84C51F82E433}.Release|x86.Build.0 = Release|x86
		{AA05289B-9BD1-455B-878C-454DC3B7CFEE}.Debug|Any CPU.ActiveCfg = Debug|Any CPU
		{AA05289B-9BD1-455B-878C-454DC3B7CFEE}.Debug|Any CPU.Build.0 = Debug|Any CPU
		{AA05289B-9BD1-455B-878C-454DC3B7CFEE}.Debug|Mixed Platforms.ActiveCfg = Debug|x86
		{AA05289B-9BD1-455B-878C-454DC3B7CFEE}.Debug|Mixed Platforms.Build.0 = Debug|x86
		{AA05289B-9BD1-455B-878C-454DC3B7CFEE}.Debug|x64.ActiveCfg = Debug|x64
		{AA05289B-9BD1-455B-878C-454DC3B7CFEE}.Debug|x64.Build.0 = Debug|x64
		{AA05289B-9BD1-455B-878C-454DC3B7CFEE}.Debug|x86.ActiveCfg = Debug|x86
		{AA05289B-9BD1-455B-878C-454DC3B7CFEE}.Debug|x86.Build.0 = Debug|x86
		{AA05289B-9BD1-455B-878C-454DC3B7CFEE}.Release|Any CPU.ActiveCfg = Release|Any CPU
		{AA05289B-9BD1-455B-878C-454DC3B7CFEE}.Release|Any CPU.Build.0 = Release|Any CPU
		{AA05289B-9BD1-455B-878C-454DC3B7CFEE}.Release|Mixed Platforms.ActiveCfg = Release|x86
		{AA05289B-9BD1-455B-878C-454DC3B7CFEE}.Release|Mixed Platforms.Build.0 = Release|x86
		{AA05289B-9BD1-455B-878C-454DC3B7CFEE}.Release|x64.ActiveCfg = Release|x64
		{AA05289B-9BD1-455B-878C-454DC3B7CFEE}.Release|x64.Build.0 = Release|x64
		{AA05289B-9BD1-455B-878C-454DC3B7CFEE}.Release|x86.ActiveCfg = Release|x86
		{AA05289B-9BD1-455B-878C-454DC3B7CFEE}.Release|x86.Build.0 = Release|x86
		{FA6D7A07-80D5-4C6F-B3A6-FD489D859895}.Debug|Any CPU.ActiveCfg = Debug|Any CPU
		{FA6D7A07-80D5-4C6F-B3A6-FD489D859895}.Debug|Any CPU.Build.0 = Debug|Any CPU
		{FA6D7A07-80D5-4C6F-B3A6-FD489D859895}.Debug|Mixed Platforms.ActiveCfg = Debug|x86
		{FA6D7A07-80D5-4C6F-B3A6-FD489D859895}.Debug|Mixed Platforms.Build.0 = Debug|x86
		{FA6D7A07-80D5-4C6F-B3A6-FD489D859895}.Debug|x64.ActiveCfg = Debug|x64
		{FA6D7A07-80D5-4C6F-B3A6-FD489D859895}.Debug|x64.Build.0 = Debug|x64
		{FA6D7A07-80D5-4C6F-B3A6-FD489D859895}.Debug|x86.ActiveCfg = Debug|x86
		{FA6D7A07-80D5-4C6F-B3A6-FD489D859895}.Debug|x86.Build.0 = Debug|x86
		{FA6D7A07-80D5-4C6F-B3A6-FD489D859895}.Release|Any CPU.ActiveCfg = Release|Any CPU
		{FA6D7A07-80D5-4C6F-B3A6-FD489D859895}.Release|Any CPU.Build.0 = Release|Any CPU
		{FA6D7A07-80D5-4C6F-B3A6-FD489D859895}.Release|Mixed Platforms.ActiveCfg = Release|x86
		{FA6D7A07-80D5-4C6F-B3A6-FD489D859895}.Release|Mixed Platforms.Build.0 = Release|x86
		{FA6D7A07-80D5-4C6F-B3A6-FD489D859895}.Release|x64.ActiveCfg = Release|x64
		{FA6D7A07-80D5-4C6F-B3A6-FD489D859895}.Release|x64.Build.0 = Release|x64
		{FA6D7A07-80D5-4C6F-B3A6-FD489D859895}.Release|x86.ActiveCfg = Release|x86
		{FA6D7A07-80D5-4C6F-B3A6-FD489D859895}.Release|x86.Build.0 = Release|x86
		{DF4837A8-BCD6-41BD-8269-1C730436FC88}.Debug|Any CPU.ActiveCfg = Debug|Any CPU
		{DF4837A8-BCD6-41BD-8269-1C730436FC88}.Debug|Any CPU.Build.0 = Debug|Any CPU
		{DF4837A8-BCD6-41BD-8269-1C730436FC88}.Debug|Mixed Platforms.ActiveCfg = Debug|x86
		{DF4837A8-BCD6-41BD-8269-1C730436FC88}.Debug|Mixed Platforms.Build.0 = Debug|x86
		{DF4837A8-BCD6-41BD-8269-1C730436FC88}.Debug|x64.ActiveCfg = Debug|x64
		{DF4837A8-BCD6-41BD-8269-1C730436FC88}.Debug|x64.Build.0 = Debug|x64
		{DF4837A8-BCD6-41BD-8269-1C730436FC88}.Debug|x86.ActiveCfg = Debug|x86
		{DF4837A8-BCD6-41BD-8269-1C730436FC88}.Debug|x86.Build.0 = Debug|x86
		{DF4837A8-BCD6-41BD-8269-1C730436FC88}.Release|Any CPU.ActiveCfg = Release|Any CPU
		{DF4837A8-BCD6-41BD-8269-1C730436FC88}.Release|Any CPU.Build.0 = Release|Any CPU
		{DF4837A8-BCD6-41BD-8269-1C730436FC88}.Release|Mixed Platforms.ActiveCfg = Release|x86
		{DF4837A8-BCD6-41BD-8269-1C730436FC88}.Release|Mixed Platforms.Build.0 = Release|x86
		{DF4837A8-BCD6-41BD-8269-1C730436FC88}.Release|x64.ActiveCfg = Release|x64
		{DF4837A8-BCD6-41BD-8269-1C730436FC88}.Release|x64.Build.0 = Release|x64
		{DF4837A8-BCD6-41BD-8269-1C730436FC88}.Release|x86.ActiveCfg = Release|x86
		{DF4837A8-BCD6-41BD-8269-1C730436FC88}.Release|x86.Build.0 = Release|x86
		{9508FA89-7C1D-4588-B61E-4EC8D8E902A3}.Debug|Any CPU.ActiveCfg = Debug|Any CPU
		{9508FA89-7C1D-4588-B61E-4EC8D8E902A3}.Debug|Any CPU.Build.0 = Debug|Any CPU
		{9508FA89-7C1D-4588-B61E-4EC8D8E902A3}.Debug|Mixed Platforms.ActiveCfg = Debug|x86
		{9508FA89-7C1D-4588-B61E-4EC8D8E902A3}.Debug|Mixed Platforms.Build.0 = Debug|x86
		{9508FA89-7C1D-4588-B61E-4EC8D8E902A3}.Debug|x64.ActiveCfg = Debug|x64
		{9508FA89-7C1D-4588-B61E-4EC8D8E902A3}.Debug|x64.Build.0 = Debug|x64
		{9508FA89-7C1D-4588-B61E-4EC8D8E902A3}.Debug|x86.ActiveCfg = Debug|x86
		{9508FA89-7C1D-4588-B61E-4EC8D8E902A3}.Debug|x86.Build.0 = Debug|x86
		{9508FA89-7C1D-4588-B61E-4EC8D8E902A3}.Release|Any CPU.ActiveCfg = Release|Any CPU
		{9508FA89-7C1D-4588-B61E-4EC8D8E902A3}.Release|Any CPU.Build.0 = Release|Any CPU
		{9508FA89-7C1D-4588-B61E-4EC8D8E902A3}.Release|Mixed Platforms.ActiveCfg = Release|x86
		{9508FA89-7C1D-4588-B61E-4EC8D8E902A3}.Release|Mixed Platforms.Build.0 = Release|x86
		{9508FA89-7C1D-4588-B61E-4EC8D8E902A3}.Release|x64.ActiveCfg = Release|x64
		{9508FA89-7C1D-4588-B61E-4EC8D8E902A3}.Release|x64.Build.0 = Release|x64
		{9508FA89-7C1D-4588-B61E-4EC8D8E902A3}.Release|x86.ActiveCfg = Release|x86
		{9508FA89-7C1D-4588-B61E-4EC8D8E902A3}.Release|x86.Build.0 = Release|x86
		{7334E6AB-7138-4C25-89C6-779714B32934}.Debug|Any CPU.ActiveCfg = Debug|Any CPU
		{7334E6AB-7138-4C25-89C6-779714B32934}.Debug|Any CPU.Build.0 = Debug|Any CPU
		{7334E6AB-7138-4C25-89C6-779714B32934}.Debug|Mixed Platforms.ActiveCfg = Debug|x86
		{7334E6AB-7138-4C25-89C6-779714B32934}.Debug|Mixed Platforms.Build.0 = Debug|x86
		{7334E6AB-7138-4C25-89C6-779714B32934}.Debug|x64.ActiveCfg = Debug|x64
		{7334E6AB-7138-4C25-89C6-779714B32934}.Debug|x64.Build.0 = Debug|x64
		{7334E6AB-7138-4C25-89C6-779714B32934}.Debug|x86.ActiveCfg = Debug|x86
		{7334E6AB-7138-4C25-89C6-779714B32934}.Debug|x86.Build.0 = Debug|x86
		{7334E6AB-7138-4C25-89C6-779714B32934}.Release|Any CPU.ActiveCfg = Release|Any CPU
		{7334E6AB-7138-4C25-89C6-779714B32934}.Release|Any CPU.Build.0 = Release|Any CPU
		{7334E6AB-7138-4C25-89C6-779714B32934}.Release|Mixed Platforms.ActiveCfg = Release|x86
		{7334E6AB-7138-4C25-89C6-779714B32934}.Release|Mixed Platforms.Build.0 = Release|x86
		{7334E6AB-7138-4C25-89C6-779714B32934}.Release|x64.ActiveCfg = Release|x64
		{7334E6AB-7138-4C25-89C6-779714B32934}.Release|x64.Build.0 = Release|x64
		{7334E6AB-7138-4C25-89C6-779714B32934}.Release|x86.ActiveCfg = Release|x86
		{7334E6AB-7138-4C25-89C6-779714B32934}.Release|x86.Build.0 = Release|x86
		{393E6A95-7D6E-49F8-B495-D9A9BC56FA08}.Debug|Any CPU.ActiveCfg = Debug|Any CPU
		{393E6A95-7D6E-49F8-B495-D9A9BC56FA08}.Debug|Any CPU.Build.0 = Debug|Any CPU
		{393E6A95-7D6E-49F8-B495-D9A9BC56FA08}.Debug|Mixed Platforms.ActiveCfg = Debug|x86
		{393E6A95-7D6E-49F8-B495-D9A9BC56FA08}.Debug|Mixed Platforms.Build.0 = Debug|x86
		{393E6A95-7D6E-49F8-B495-D9A9BC56FA08}.Debug|x64.ActiveCfg = Debug|x64
		{393E6A95-7D6E-49F8-B495-D9A9BC56FA08}.Debug|x64.Build.0 = Debug|x64
		{393E6A95-7D6E-49F8-B495-D9A9BC56FA08}.Debug|x86.ActiveCfg = Debug|x86
		{393E6A95-7D6E-49F8-B495-D9A9BC56FA08}.Debug|x86.Build.0 = Debug|x86
		{393E6A95-7D6E-49F8-B495-D9A9BC56FA08}.Release|Any CPU.ActiveCfg = Release|Any CPU
		{393E6A95-7D6E-49F8-B495-D9A9BC56FA08}.Release|Any CPU.Build.0 = Release|Any CPU
		{393E6A95-7D6E-49F8-B495-D9A9BC56FA08}.Release|Mixed Platforms.ActiveCfg = Release|x86
		{393E6A95-7D6E-49F8-B495-D9A9BC56FA08}.Release|Mixed Platforms.Build.0 = Release|x86
		{393E6A95-7D6E-49F8-B495-D9A9BC56FA08}.Release|x64.ActiveCfg = Release|x64
		{393E6A95-7D6E-49F8-B495-D9A9BC56FA08}.Release|x64.Build.0 = Release|x64
		{393E6A95-7D6E-49F8-B495-D9A9BC56FA08}.Release|x86.ActiveCfg = Release|x86
		{393E6A95-7D6E-49F8-B495-D9A9BC56FA08}.Release|x86.Build.0 = Release|x86
		{25FFAF41-6F2A-440C-ADED-A9EB502EFC6E}.Debug|Any CPU.ActiveCfg = Debug|Any CPU
		{25FFAF41-6F2A-440C-ADED-A9EB502EFC6E}.Debug|Any CPU.Build.0 = Debug|Any CPU
		{25FFAF41-6F2A-440C-ADED-A9EB502EFC6E}.Debug|Mixed Platforms.ActiveCfg = Debug|x86
		{25FFAF41-6F2A-440C-ADED-A9EB502EFC6E}.Debug|Mixed Platforms.Build.0 = Debug|x86
		{25FFAF41-6F2A-440C-ADED-A9EB502EFC6E}.Debug|x64.ActiveCfg = Debug|x64
		{25FFAF41-6F2A-440C-ADED-A9EB502EFC6E}.Debug|x64.Build.0 = Debug|x64
		{25FFAF41-6F2A-440C-ADED-A9EB502EFC6E}.Debug|x86.ActiveCfg = Debug|x86
		{25FFAF41-6F2A-440C-ADED-A9EB502EFC6E}.Debug|x86.Build.0 = Debug|x86
		{25FFAF41-6F2A-440C-ADED-A9EB502EFC6E}.Release|Any CPU.ActiveCfg = Release|Any CPU
		{25FFAF41-6F2A-440C-ADED-A9EB502EFC6E}.Release|Any CPU.Build.0 = Release|Any CPU
		{25FFAF41-6F2A-440C-ADED-A9EB502EFC6E}.Release|Mixed Platforms.ActiveCfg = Release|x86
		{25FFAF41-6F2A-440C-ADED-A9EB502EFC6E}.Release|Mixed Platforms.Build.0 = Release|x86
		{25FFAF41-6F2A-440C-ADED-A9EB502EFC6E}.Release|x64.ActiveCfg = Release|x64
		{25FFAF41-6F2A-440C-ADED-A9EB502EFC6E}.Release|x64.Build.0 = Release|x64
		{25FFAF41-6F2A-440C-ADED-A9EB502EFC6E}.Release|x86.ActiveCfg = Release|x86
		{25FFAF41-6F2A-440C-ADED-A9EB502EFC6E}.Release|x86.Build.0 = Release|x86
		{881DF4AB-CA47-4827-98AC-4B099D0BC65D}.Debug|Any CPU.ActiveCfg = Debug|Any CPU
		{881DF4AB-CA47-4827-98AC-4B099D0BC65D}.Debug|Any CPU.Build.0 = Debug|Any CPU
		{881DF4AB-CA47-4827-98AC-4B099D0BC65D}.Debug|Mixed Platforms.ActiveCfg = Debug|x86
		{881DF4AB-CA47-4827-98AC-4B099D0BC65D}.Debug|Mixed Platforms.Build.0 = Debug|x86
		{881DF4AB-CA47-4827-98AC-4B099D0BC65D}.Debug|x64.ActiveCfg = Debug|x64
		{881DF4AB-CA47-4827-98AC-4B099D0BC65D}.Debug|x64.Build.0 = Debug|x64
		{881DF4AB-CA47-4827-98AC-4B099D0BC65D}.Debug|x86.ActiveCfg = Debug|x86
		{881DF4AB-CA47-4827-98AC-4B099D0BC65D}.Debug|x86.Build.0 = Debug|x86
		{881DF4AB-CA47-4827-98AC-4B099D0BC65D}.Release|Any CPU.ActiveCfg = Release|Any CPU
		{881DF4AB-CA47-4827-98AC-4B099D0BC65D}.Release|Any CPU.Build.0 = Release|Any CPU
		{881DF4AB-CA47-4827-98AC-4B099D0BC65D}.Release|Mixed Platforms.ActiveCfg = Release|x86
		{881DF4AB-CA47-4827-98AC-4B099D0BC65D}.Release|Mixed Platforms.Build.0 = Release|x86
		{881DF4AB-CA47-4827-98AC-4B099D0BC65D}.Release|x64.ActiveCfg = Release|x64
		{881DF4AB-CA47-4827-98AC-4B099D0BC65D}.Release|x64.Build.0 = Release|x64
		{881DF4AB-CA47-4827-98AC-4B099D0BC65D}.Release|x86.ActiveCfg = Release|x86
		{881DF4AB-CA47-4827-98AC-4B099D0BC65D}.Release|x86.Build.0 = Release|x86
		{95C5EEC7-6CBA-4027-B3B0-108849876CA6}.Debug|Any CPU.ActiveCfg = Debug|Any CPU
		{95C5EEC7-6CBA-4027-B3B0-108849876CA6}.Debug|Any CPU.Build.0 = Debug|Any CPU
		{95C5EEC7-6CBA-4027-B3B0-108849876CA6}.Debug|Mixed Platforms.ActiveCfg = Debug|x86
		{95C5EEC7-6CBA-4027-B3B0-108849876CA6}.Debug|Mixed Platforms.Build.0 = Debug|x86
		{95C5EEC7-6CBA-4027-B3B0-108849876CA6}.Debug|x64.ActiveCfg = Debug|x64
		{95C5EEC7-6CBA-4027-B3B0-108849876CA6}.Debug|x64.Build.0 = Debug|x64
		{95C5EEC7-6CBA-4027-B3B0-108849876CA6}.Debug|x86.ActiveCfg = Debug|x86
		{95C5EEC7-6CBA-4027-B3B0-108849876CA6}.Debug|x86.Build.0 = Debug|x86
		{95C5EEC7-6CBA-4027-B3B0-108849876CA6}.Release|Any CPU.ActiveCfg = Release|Any CPU
		{95C5EEC7-6CBA-4027-B3B0-108849876CA6}.Release|Any CPU.Build.0 = Release|Any CPU
		{95C5EEC7-6CBA-4027-B3B0-108849876CA6}.Release|Mixed Platforms.ActiveCfg = Release|x86
		{95C5EEC7-6CBA-4027-B3B0-108849876CA6}.Release|Mixed Platforms.Build.0 = Release|x86
		{95C5EEC7-6CBA-4027-B3B0-108849876CA6}.Release|x64.ActiveCfg = Release|x64
		{95C5EEC7-6CBA-4027-B3B0-108849876CA6}.Release|x64.Build.0 = Release|x64
		{95C5EEC7-6CBA-4027-B3B0-108849876CA6}.Release|x86.ActiveCfg = Release|x86
		{95C5EEC7-6CBA-4027-B3B0-108849876CA6}.Release|x86.Build.0 = Release|x86
		{89ED686E-79B8-4928-8CD1-BADA121B58A4}.Debug|Any CPU.ActiveCfg = Debug|Any CPU
		{89ED686E-79B8-4928-8CD1-BADA121B58A4}.Debug|Any CPU.Build.0 = Debug|Any CPU
		{89ED686E-79B8-4928-8CD1-BADA121B58A4}.Debug|Mixed Platforms.ActiveCfg = Debug|x86
		{89ED686E-79B8-4928-8CD1-BADA121B58A4}.Debug|Mixed Platforms.Build.0 = Debug|x86
		{89ED686E-79B8-4928-8CD1-BADA121B58A4}.Debug|x64.ActiveCfg = Debug|x64
		{89ED686E-79B8-4928-8CD1-BADA121B58A4}.Debug|x64.Build.0 = Debug|x64
		{89ED686E-79B8-4928-8CD1-BADA121B58A4}.Debug|x86.ActiveCfg = Debug|x86
		{89ED686E-79B8-4928-8CD1-BADA121B58A4}.Debug|x86.Build.0 = Debug|x86
		{89ED686E-79B8-4928-8CD1-BADA121B58A4}.Release|Any CPU.ActiveCfg = Release|Any CPU
		{89ED686E-79B8-4928-8CD1-BADA121B58A4}.Release|Any CPU.Build.0 = Release|Any CPU
		{89ED686E-79B8-4928-8CD1-BADA121B58A4}.Release|Mixed Platforms.ActiveCfg = Release|x86
		{89ED686E-79B8-4928-8CD1-BADA121B58A4}.Release|Mixed Platforms.Build.0 = Release|x86
		{89ED686E-79B8-4928-8CD1-BADA121B58A4}.Release|x64.ActiveCfg = Release|x64
		{89ED686E-79B8-4928-8CD1-BADA121B58A4}.Release|x64.Build.0 = Release|x64
		{89ED686E-79B8-4928-8CD1-BADA121B58A4}.Release|x86.ActiveCfg = Release|x86
		{89ED686E-79B8-4928-8CD1-BADA121B58A4}.Release|x86.Build.0 = Release|x86
		{C4B00566-FED2-4461-9675-CF11F64B49C6}.Debug|Any CPU.ActiveCfg = Debug|Any CPU
		{C4B00566-FED2-4461-9675-CF11F64B49C6}.Debug|Any CPU.Build.0 = Debug|Any CPU
		{C4B00566-FED2-4461-9675-CF11F64B49C6}.Debug|Mixed Platforms.ActiveCfg = Debug|x86
		{C4B00566-FED2-4461-9675-CF11F64B49C6}.Debug|Mixed Platforms.Build.0 = Debug|x86
		{C4B00566-FED2-4461-9675-CF11F64B49C6}.Debug|x64.ActiveCfg = Debug|x64
		{C4B00566-FED2-4461-9675-CF11F64B49C6}.Debug|x64.Build.0 = Debug|x64
		{C4B00566-FED2-4461-9675-CF11F64B49C6}.Debug|x86.ActiveCfg = Debug|x86
		{C4B00566-FED2-4461-9675-CF11F64B49C6}.Debug|x86.Build.0 = Debug|x86
		{C4B00566-FED2-4461-9675-CF11F64B49C6}.Release|Any CPU.ActiveCfg = Release|Any CPU
		{C4B00566-FED2-4461-9675-CF11F64B49C6}.Release|Any CPU.Build.0 = Release|Any CPU
		{C4B00566-FED2-4461-9675-CF11F64B49C6}.Release|Mixed Platforms.ActiveCfg = Release|x86
		{C4B00566-FED2-4461-9675-CF11F64B49C6}.Release|Mixed Platforms.Build.0 = Release|x86
		{C4B00566-FED2-4461-9675-CF11F64B49C6}.Release|x64.ActiveCfg = Release|x64
		{C4B00566-FED2-4461-9675-CF11F64B49C6}.Release|x64.Build.0 = Release|x64
		{C4B00566-FED2-4461-9675-CF11F64B49C6}.Release|x86.ActiveCfg = Release|x86
		{C4B00566-FED2-4461-9675-CF11F64B49C6}.Release|x86.Build.0 = Release|x86
		{36A14BED-BC74-47F8-8C6B-E18BCF14C4CE}.Debug|Any CPU.ActiveCfg = Debug|Any CPU
		{36A14BED-BC74-47F8-8C6B-E18BCF14C4CE}.Debug|Any CPU.Build.0 = Debug|Any CPU
		{36A14BED-BC74-47F8-8C6B-E18BCF14C4CE}.Debug|Mixed Platforms.ActiveCfg = Debug|x86
		{36A14BED-BC74-47F8-8C6B-E18BCF14C4CE}.Debug|Mixed Platforms.Build.0 = Debug|x86
		{36A14BED-BC74-47F8-8C6B-E18BCF14C4CE}.Debug|x64.ActiveCfg = Debug|x64
		{36A14BED-BC74-47F8-8C6B-E18BCF14C4CE}.Debug|x64.Build.0 = Debug|x64
		{36A14BED-BC74-47F8-8C6B-E18BCF14C4CE}.Debug|x86.ActiveCfg = Debug|x86
		{36A14BED-BC74-47F8-8C6B-E18BCF14C4CE}.Debug|x86.Build.0 = Debug|x86
		{36A14BED-BC74-47F8-8C6B-E18BCF14C4CE}.Release|Any CPU.ActiveCfg = Release|Any CPU
		{36A14BED-BC74-47F8-8C6B-E18BCF14C4CE}.Release|Any CPU.Build.0 = Release|Any CPU
		{36A14BED-BC74-47F8-8C6B-E18BCF14C4CE}.Release|Mixed Platforms.ActiveCfg = Release|x86
		{36A14BED-BC74-47F8-8C6B-E18BCF14C4CE}.Release|Mixed Platforms.Build.0 = Release|x86
		{36A14BED-BC74-47F8-8C6B-E18BCF14C4CE}.Release|x64.ActiveCfg = Release|x64
		{36A14BED-BC74-47F8-8C6B-E18BCF14C4CE}.Release|x64.Build.0 = Release|x64
		{36A14BED-BC74-47F8-8C6B-E18BCF14C4CE}.Release|x86.ActiveCfg = Release|x86
		{36A14BED-BC74-47F8-8C6B-E18BCF14C4CE}.Release|x86.Build.0 = Release|x86
		{A0D704A7-4CDE-4E55-903A-3850EC46C0EF}.Debug|Any CPU.ActiveCfg = Debug|Any CPU
		{A0D704A7-4CDE-4E55-903A-3850EC46C0EF}.Debug|Any CPU.Build.0 = Debug|Any CPU
		{A0D704A7-4CDE-4E55-903A-3850EC46C0EF}.Debug|Mixed Platforms.ActiveCfg = Debug|x86
		{A0D704A7-4CDE-4E55-903A-3850EC46C0EF}.Debug|Mixed Platforms.Build.0 = Debug|x86
		{A0D704A7-4CDE-4E55-903A-3850EC46C0EF}.Debug|x64.ActiveCfg = Debug|x64
		{A0D704A7-4CDE-4E55-903A-3850EC46C0EF}.Debug|x64.Build.0 = Debug|x64
		{A0D704A7-4CDE-4E55-903A-3850EC46C0EF}.Debug|x86.ActiveCfg = Debug|x86
		{A0D704A7-4CDE-4E55-903A-3850EC46C0EF}.Debug|x86.Build.0 = Debug|x86
		{A0D704A7-4CDE-4E55-903A-3850EC46C0EF}.Release|Any CPU.ActiveCfg = Release|Any CPU
		{A0D704A7-4CDE-4E55-903A-3850EC46C0EF}.Release|Any CPU.Build.0 = Release|Any CPU
		{A0D704A7-4CDE-4E55-903A-3850EC46C0EF}.Release|Mixed Platforms.ActiveCfg = Release|x86
		{A0D704A7-4CDE-4E55-903A-3850EC46C0EF}.Release|Mixed Platforms.Build.0 = Release|x86
		{A0D704A7-4CDE-4E55-903A-3850EC46C0EF}.Release|x64.ActiveCfg = Release|x64
		{A0D704A7-4CDE-4E55-903A-3850EC46C0EF}.Release|x64.Build.0 = Release|x64
		{A0D704A7-4CDE-4E55-903A-3850EC46C0EF}.Release|x86.ActiveCfg = Release|x86
		{A0D704A7-4CDE-4E55-903A-3850EC46C0EF}.Release|x86.Build.0 = Release|x86
		{5DB3190F-634C-4AF6-A0A7-06EFFEFFA793}.Debug|Any CPU.ActiveCfg = Debug|Any CPU
		{5DB3190F-634C-4AF6-A0A7-06EFFEFFA793}.Debug|Any CPU.Build.0 = Debug|Any CPU
		{5DB3190F-634C-4AF6-A0A7-06EFFEFFA793}.Debug|Mixed Platforms.ActiveCfg = Debug|x86
		{5DB3190F-634C-4AF6-A0A7-06EFFEFFA793}.Debug|Mixed Platforms.Build.0 = Debug|x86
		{5DB3190F-634C-4AF6-A0A7-06EFFEFFA793}.Debug|x64.ActiveCfg = Debug|x64
		{5DB3190F-634C-4AF6-A0A7-06EFFEFFA793}.Debug|x64.Build.0 = Debug|x64
		{5DB3190F-634C-4AF6-A0A7-06EFFEFFA793}.Debug|x86.ActiveCfg = Debug|x86
		{5DB3190F-634C-4AF6-A0A7-06EFFEFFA793}.Debug|x86.Build.0 = Debug|x86
		{5DB3190F-634C-4AF6-A0A7-06EFFEFFA793}.Release|Any CPU.ActiveCfg = Release|Any CPU
		{5DB3190F-634C-4AF6-A0A7-06EFFEFFA793}.Release|Any CPU.Build.0 = Release|Any CPU
		{5DB3190F-634C-4AF6-A0A7-06EFFEFFA793}.Release|Mixed Platforms.ActiveCfg = Release|x86
		{5DB3190F-634C-4AF6-A0A7-06EFFEFFA793}.Release|Mixed Platforms.Build.0 = Release|x86
		{5DB3190F-634C-4AF6-A0A7-06EFFEFFA793}.Release|x64.ActiveCfg = Release|x64
		{5DB3190F-634C-4AF6-A0A7-06EFFEFFA793}.Release|x64.Build.0 = Release|x64
		{5DB3190F-634C-4AF6-A0A7-06EFFEFFA793}.Release|x86.ActiveCfg = Release|x86
		{5DB3190F-634C-4AF6-A0A7-06EFFEFFA793}.Release|x86.Build.0 = Release|x86
		{3A42A7BD-F5C1-4EAE-A8E4-0DB2B1816DB3}.Debug|Any CPU.ActiveCfg = Debug|Any CPU
		{3A42A7BD-F5C1-4EAE-A8E4-0DB2B1816DB3}.Debug|Any CPU.Build.0 = Debug|Any CPU
		{3A42A7BD-F5C1-4EAE-A8E4-0DB2B1816DB3}.Debug|Mixed Platforms.ActiveCfg = Debug|x86
		{3A42A7BD-F5C1-4EAE-A8E4-0DB2B1816DB3}.Debug|Mixed Platforms.Build.0 = Debug|x86
		{3A42A7BD-F5C1-4EAE-A8E4-0DB2B1816DB3}.Debug|x64.ActiveCfg = Debug|x64
		{3A42A7BD-F5C1-4EAE-A8E4-0DB2B1816DB3}.Debug|x64.Build.0 = Debug|x64
		{3A42A7BD-F5C1-4EAE-A8E4-0DB2B1816DB3}.Debug|x86.ActiveCfg = Debug|x86
		{3A42A7BD-F5C1-4EAE-A8E4-0DB2B1816DB3}.Debug|x86.Build.0 = Debug|x86
		{3A42A7BD-F5C1-4EAE-A8E4-0DB2B1816DB3}.Release|Any CPU.ActiveCfg = Release|Any CPU
		{3A42A7BD-F5C1-4EAE-A8E4-0DB2B1816DB3}.Release|Any CPU.Build.0 = Release|Any CPU
		{3A42A7BD-F5C1-4EAE-A8E4-0DB2B1816DB3}.Release|Mixed Platforms.ActiveCfg = Release|x86
		{3A42A7BD-F5C1-4EAE-A8E4-0DB2B1816DB3}.Release|Mixed Platforms.Build.0 = Release|x86
		{3A42A7BD-F5C1-4EAE-A8E4-0DB2B1816DB3}.Release|x64.ActiveCfg = Release|x64
		{3A42A7BD-F5C1-4EAE-A8E4-0DB2B1816DB3}.Release|x64.Build.0 = Release|x64
		{3A42A7BD-F5C1-4EAE-A8E4-0DB2B1816DB3}.Release|x86.ActiveCfg = Release|x86
		{3A42A7BD-F5C1-4EAE-A8E4-0DB2B1816DB3}.Release|x86.Build.0 = Release|x86
		{475D44E0-2688-4363-A335-4A032FD925CF}.Debug|Any CPU.ActiveCfg = Debug|Any CPU
		{475D44E0-2688-4363-A335-4A032FD925CF}.Debug|Any CPU.Build.0 = Debug|Any CPU
		{475D44E0-2688-4363-A335-4A032FD925CF}.Debug|Mixed Platforms.ActiveCfg = Debug|x86
		{475D44E0-2688-4363-A335-4A032FD925CF}.Debug|Mixed Platforms.Build.0 = Debug|x86
		{475D44E0-2688-4363-A335-4A032FD925CF}.Debug|x64.ActiveCfg = Debug|x64
		{475D44E0-2688-4363-A335-4A032FD925CF}.Debug|x64.Build.0 = Debug|x64
		{475D44E0-2688-4363-A335-4A032FD925CF}.Debug|x86.ActiveCfg = Debug|x86
		{475D44E0-2688-4363-A335-4A032FD925CF}.Debug|x86.Build.0 = Debug|x86
		{475D44E0-2688-4363-A335-4A032FD925CF}.Release|Any CPU.ActiveCfg = Release|Any CPU
		{475D44E0-2688-4363-A335-4A032FD925CF}.Release|Any CPU.Build.0 = Release|Any CPU
		{475D44E0-2688-4363-A335-4A032FD925CF}.Release|Mixed Platforms.ActiveCfg = Release|x86
		{475D44E0-2688-4363-A335-4A032FD925CF}.Release|Mixed Platforms.Build.0 = Release|x86
		{475D44E0-2688-4363-A335-4A032FD925CF}.Release|x64.ActiveCfg = Release|x64
		{475D44E0-2688-4363-A335-4A032FD925CF}.Release|x64.Build.0 = Release|x64
		{475D44E0-2688-4363-A335-4A032FD925CF}.Release|x86.ActiveCfg = Release|x86
		{475D44E0-2688-4363-A335-4A032FD925CF}.Release|x86.Build.0 = Release|x86
		{CF9651BB-4DFA-4581-BAA4-EA364C34AACF}.Debug|Any CPU.ActiveCfg = Debug|Any CPU
		{CF9651BB-4DFA-4581-BAA4-EA364C34AACF}.Debug|Any CPU.Build.0 = Debug|Any CPU
		{CF9651BB-4DFA-4581-BAA4-EA364C34AACF}.Debug|Mixed Platforms.ActiveCfg = Debug|x86
		{CF9651BB-4DFA-4581-BAA4-EA364C34AACF}.Debug|Mixed Platforms.Build.0 = Debug|x86
		{CF9651BB-4DFA-4581-BAA4-EA364C34AACF}.Debug|x64.ActiveCfg = Debug|x64
		{CF9651BB-4DFA-4581-BAA4-EA364C34AACF}.Debug|x64.Build.0 = Debug|x64
		{CF9651BB-4DFA-4581-BAA4-EA364C34AACF}.Debug|x86.ActiveCfg = Debug|x86
		{CF9651BB-4DFA-4581-BAA4-EA364C34AACF}.Debug|x86.Build.0 = Debug|x86
		{CF9651BB-4DFA-4581-BAA4-EA364C34AACF}.Release|Any CPU.ActiveCfg = Release|Any CPU
		{CF9651BB-4DFA-4581-BAA4-EA364C34AACF}.Release|Any CPU.Build.0 = Release|Any CPU
		{CF9651BB-4DFA-4581-BAA4-EA364C34AACF}.Release|Mixed Platforms.ActiveCfg = Release|x86
		{CF9651BB-4DFA-4581-BAA4-EA364C34AACF}.Release|Mixed Platforms.Build.0 = Release|x86
		{CF9651BB-4DFA-4581-BAA4-EA364C34AACF}.Release|x64.ActiveCfg = Release|x64
		{CF9651BB-4DFA-4581-BAA4-EA364C34AACF}.Release|x64.Build.0 = Release|x64
		{CF9651BB-4DFA-4581-BAA4-EA364C34AACF}.Release|x86.ActiveCfg = Release|x86
		{CF9651BB-4DFA-4581-BAA4-EA364C34AACF}.Release|x86.Build.0 = Release|x86
		{2875C686-F11F-4E61-B1FB-47177AB2C62D}.Debug|Any CPU.ActiveCfg = Debug|Any CPU
		{2875C686-F11F-4E61-B1FB-47177AB2C62D}.Debug|Any CPU.Build.0 = Debug|Any CPU
		{2875C686-F11F-4E61-B1FB-47177AB2C62D}.Debug|Mixed Platforms.ActiveCfg = Debug|x86
		{2875C686-F11F-4E61-B1FB-47177AB2C62D}.Debug|Mixed Platforms.Build.0 = Debug|x86
		{2875C686-F11F-4E61-B1FB-47177AB2C62D}.Debug|x64.ActiveCfg = Debug|x64
		{2875C686-F11F-4E61-B1FB-47177AB2C62D}.Debug|x64.Build.0 = Debug|x64
		{2875C686-F11F-4E61-B1FB-47177AB2C62D}.Debug|x86.ActiveCfg = Debug|x86
		{2875C686-F11F-4E61-B1FB-47177AB2C62D}.Debug|x86.Build.0 = Debug|x86
		{2875C686-F11F-4E61-B1FB-47177AB2C62D}.Release|Any CPU.ActiveCfg = Release|Any CPU
		{2875C686-F11F-4E61-B1FB-47177AB2C62D}.Release|Any CPU.Build.0 = Release|Any CPU
		{2875C686-F11F-4E61-B1FB-47177AB2C62D}.Release|Mixed Platforms.ActiveCfg = Release|x86
		{2875C686-F11F-4E61-B1FB-47177AB2C62D}.Release|Mixed Platforms.Build.0 = Release|x86
		{2875C686-F11F-4E61-B1FB-47177AB2C62D}.Release|x64.ActiveCfg = Release|x64
		{2875C686-F11F-4E61-B1FB-47177AB2C62D}.Release|x64.Build.0 = Release|x64
		{2875C686-F11F-4E61-B1FB-47177AB2C62D}.Release|x86.ActiveCfg = Release|x86
		{2875C686-F11F-4E61-B1FB-47177AB2C62D}.Release|x86.Build.0 = Release|x86
		{96C37716-F12A-4267-AD01-C35CAAAE5B60}.Debug|Any CPU.ActiveCfg = Debug|Any CPU
		{96C37716-F12A-4267-AD01-C35CAAAE5B60}.Debug|Any CPU.Build.0 = Debug|Any CPU
		{96C37716-F12A-4267-AD01-C35CAAAE5B60}.Debug|Mixed Platforms.ActiveCfg = Debug|x86
		{96C37716-F12A-4267-AD01-C35CAAAE5B60}.Debug|Mixed Platforms.Build.0 = Debug|x86
		{96C37716-F12A-4267-AD01-C35CAAAE5B60}.Debug|x64.ActiveCfg = Debug|x64
		{96C37716-F12A-4267-AD01-C35CAAAE5B60}.Debug|x64.Build.0 = Debug|x64
		{96C37716-F12A-4267-AD01-C35CAAAE5B60}.Debug|x86.ActiveCfg = Debug|x86
		{96C37716-F12A-4267-AD01-C35CAAAE5B60}.Debug|x86.Build.0 = Debug|x86
		{96C37716-F12A-4267-AD01-C35CAAAE5B60}.Release|Any CPU.ActiveCfg = Release|Any CPU
		{96C37716-F12A-4267-AD01-C35CAAAE5B60}.Release|Any CPU.Build.0 = Release|Any CPU
		{96C37716-F12A-4267-AD01-C35CAAAE5B60}.Release|Mixed Platforms.ActiveCfg = Release|x86
		{96C37716-F12A-4267-AD01-C35CAAAE5B60}.Release|Mixed Platforms.Build.0 = Release|x86
		{96C37716-F12A-4267-AD01-C35CAAAE5B60}.Release|x64.ActiveCfg = Release|x64
		{96C37716-F12A-4267-AD01-C35CAAAE5B60}.Release|x64.Build.0 = Release|x64
		{96C37716-F12A-4267-AD01-C35CAAAE5B60}.Release|x86.ActiveCfg = Release|x86
		{96C37716-F12A-4267-AD01-C35CAAAE5B60}.Release|x86.Build.0 = Release|x86
		{092238BC-13C9-468E-85E9-BF209FC7F3A0}.Debug|Any CPU.ActiveCfg = Debug|Any CPU
		{092238BC-13C9-468E-85E9-BF209FC7F3A0}.Debug|Any CPU.Build.0 = Debug|Any CPU
		{092238BC-13C9-468E-85E9-BF209FC7F3A0}.Debug|Mixed Platforms.ActiveCfg = Debug|x86
		{092238BC-13C9-468E-85E9-BF209FC7F3A0}.Debug|Mixed Platforms.Build.0 = Debug|x86
		{092238BC-13C9-468E-85E9-BF209FC7F3A0}.Debug|x64.ActiveCfg = Debug|x64
		{092238BC-13C9-468E-85E9-BF209FC7F3A0}.Debug|x64.Build.0 = Debug|x64
		{092238BC-13C9-468E-85E9-BF209FC7F3A0}.Debug|x86.ActiveCfg = Debug|x86
		{092238BC-13C9-468E-85E9-BF209FC7F3A0}.Debug|x86.Build.0 = Debug|x86
		{092238BC-13C9-468E-85E9-BF209FC7F3A0}.Release|Any CPU.ActiveCfg = Release|Any CPU
		{092238BC-13C9-468E-85E9-BF209FC7F3A0}.Release|Any CPU.Build.0 = Release|Any CPU
		{092238BC-13C9-468E-85E9-BF209FC7F3A0}.Release|Mixed Platforms.ActiveCfg = Release|x86
		{092238BC-13C9-468E-85E9-BF209FC7F3A0}.Release|Mixed Platforms.Build.0 = Release|x86
		{092238BC-13C9-468E-85E9-BF209FC7F3A0}.Release|x64.ActiveCfg = Release|x64
		{092238BC-13C9-468E-85E9-BF209FC7F3A0}.Release|x64.Build.0 = Release|x64
		{092238BC-13C9-468E-85E9-BF209FC7F3A0}.Release|x86.ActiveCfg = Release|x86
		{092238BC-13C9-468E-85E9-BF209FC7F3A0}.Release|x86.Build.0 = Release|x86
		{0F949777-3907-4A67-B5BA-EAC8CD61E5C1}.Debug|Any CPU.ActiveCfg = Debug|Any CPU
		{0F949777-3907-4A67-B5BA-EAC8CD61E5C1}.Debug|Any CPU.Build.0 = Debug|Any CPU
		{0F949777-3907-4A67-B5BA-EAC8CD61E5C1}.Debug|Mixed Platforms.ActiveCfg = Debug|x86
		{0F949777-3907-4A67-B5BA-EAC8CD61E5C1}.Debug|Mixed Platforms.Build.0 = Debug|x86
		{0F949777-3907-4A67-B5BA-EAC8CD61E5C1}.Debug|x64.ActiveCfg = Debug|x64
		{0F949777-3907-4A67-B5BA-EAC8CD61E5C1}.Debug|x64.Build.0 = Debug|x64
		{0F949777-3907-4A67-B5BA-EAC8CD61E5C1}.Debug|x86.ActiveCfg = Debug|x86
		{0F949777-3907-4A67-B5BA-EAC8CD61E5C1}.Debug|x86.Build.0 = Debug|x86
		{0F949777-3907-4A67-B5BA-EAC8CD61E5C1}.Release|Any CPU.ActiveCfg = Release|Any CPU
		{0F949777-3907-4A67-B5BA-EAC8CD61E5C1}.Release|Any CPU.Build.0 = Release|Any CPU
		{0F949777-3907-4A67-B5BA-EAC8CD61E5C1}.Release|Mixed Platforms.ActiveCfg = Release|x86
		{0F949777-3907-4A67-B5BA-EAC8CD61E5C1}.Release|Mixed Platforms.Build.0 = Release|x86
		{0F949777-3907-4A67-B5BA-EAC8CD61E5C1}.Release|x64.ActiveCfg = Release|x64
		{0F949777-3907-4A67-B5BA-EAC8CD61E5C1}.Release|x64.Build.0 = Release|x64
		{0F949777-3907-4A67-B5BA-EAC8CD61E5C1}.Release|x86.ActiveCfg = Release|x86
		{0F949777-3907-4A67-B5BA-EAC8CD61E5C1}.Release|x86.Build.0 = Release|x86
	EndGlobalSection
	GlobalSection(SolutionProperties) = preSolution
		HideSolutionNode = FALSE
	EndGlobalSection
	GlobalSection(NestedProjects) = preSolution
		{16703B76-C9F7-4C75-AE6C-53D92E308E3C} = {3BA657BF-28B1-42DA-B5B0-1C4601FCF7B1}
		{5BCEAF76-3A02-4D98-9DD7-9B2AEC598EFC} = {32285FA4-6B46-4D6B-A840-2B13E4C8B58E}
		{2E54C457-F1BD-4447-8F25-7A4451F5754B} = {32285FA4-6B46-4D6B-A840-2B13E4C8B58E}
		{EBD962EE-84A1-4B10-887B-456499FA81CF} = {32285FA4-6B46-4D6B-A840-2B13E4C8B58E}
		{1FC7897A-8731-4792-9678-B575C99AF90C} = {32285FA4-6B46-4D6B-A840-2B13E4C8B58E}
		{30A1F8BA-4AEB-4F09-8B03-2489DCA92863} = {32285FA4-6B46-4D6B-A840-2B13E4C8B58E}
		{72CC5CC4-79C0-47AF-997D-AE591AE04F89} = {32285FA4-6B46-4D6B-A840-2B13E4C8B58E}
		{03D3628D-2673-467C-85E8-BB65D8260F98} = {32285FA4-6B46-4D6B-A840-2B13E4C8B58E}
		{BD3AAE30-5E69-4AC0-8577-420836C8F24A} = {32285FA4-6B46-4D6B-A840-2B13E4C8B58E}
		{518B318C-511B-4736-BBAB-11E05BD6A573} = {32285FA4-6B46-4D6B-A840-2B13E4C8B58E}
		{AE4BB52E-260F-42C5-A8AA-D99BA7C937A3} = {32285FA4-6B46-4D6B-A840-2B13E4C8B58E}
		{BD62A2AF-C124-4158-A479-F060D110B2D3} = {32285FA4-6B46-4D6B-A840-2B13E4C8B58E}
		{8BA9B0F7-F655-48EC-B041-CAE10884A9F6} = {32285FA4-6B46-4D6B-A840-2B13E4C8B58E}
		{7AAABF14-0062-406E-A977-1383975E21BA} = {32285FA4-6B46-4D6B-A840-2B13E4C8B58E}
		{84EB47C5-3E04-4E36-8306-0F16CDA5F3D1} = {32285FA4-6B46-4D6B-A840-2B13E4C8B58E}
		{CCBB368D-72E5-4956-8098-F3D257FC2796} = {32285FA4-6B46-4D6B-A840-2B13E4C8B58E}
		{465B3FC6-3CA4-4B4E-994D-5D015E21E1A5} = {16703B76-C9F7-4C75-AE6C-53D92E308E3C}
		{4DF5262C-CF4C-4064-9961-70417AC54EF6} = {16703B76-C9F7-4C75-AE6C-53D92E308E3C}
		{F2EF4EFB-FF58-49B5-8354-57BED3CF030B} = {16703B76-C9F7-4C75-AE6C-53D92E308E3C}
		{89422757-7420-44FA-A1B8-84C51F82E433} = {16703B76-C9F7-4C75-AE6C-53D92E308E3C}
		{AA05289B-9BD1-455B-878C-454DC3B7CFEE} = {16703B76-C9F7-4C75-AE6C-53D92E308E3C}
		{FA6D7A07-80D5-4C6F-B3A6-FD489D859895} = {16703B76-C9F7-4C75-AE6C-53D92E308E3C}
		{DF4837A8-BCD6-41BD-8269-1C730436FC88} = {16703B76-C9F7-4C75-AE6C-53D92E308E3C}
		{9508FA89-7C1D-4588-B61E-4EC8D8E902A3} = {16703B76-C9F7-4C75-AE6C-53D92E308E3C}
		{7334E6AB-7138-4C25-89C6-779714B32934} = {16703B76-C9F7-4C75-AE6C-53D92E308E3C}
		{393E6A95-7D6E-49F8-B495-D9A9BC56FA08} = {16703B76-C9F7-4C75-AE6C-53D92E308E3C}
		{25FFAF41-6F2A-440C-ADED-A9EB502EFC6E} = {16703B76-C9F7-4C75-AE6C-53D92E308E3C}
		{881DF4AB-CA47-4827-98AC-4B099D0BC65D} = {16703B76-C9F7-4C75-AE6C-53D92E308E3C}
		{95C5EEC7-6CBA-4027-B3B0-108849876CA6} = {16703B76-C9F7-4C75-AE6C-53D92E308E3C}
		{89ED686E-79B8-4928-8CD1-BADA121B58A4} = {16703B76-C9F7-4C75-AE6C-53D92E308E3C}
		{C4B00566-FED2-4461-9675-CF11F64B49C6} = {16703B76-C9F7-4C75-AE6C-53D92E308E3C}
		{36A14BED-BC74-47F8-8C6B-E18BCF14C4CE} = {16703B76-C9F7-4C75-AE6C-53D92E308E3C}
		{A0D704A7-4CDE-4E55-903A-3850EC46C0EF} = {16703B76-C9F7-4C75-AE6C-53D92E308E3C}
		{5DB3190F-634C-4AF6-A0A7-06EFFEFFA793} = {16703B76-C9F7-4C75-AE6C-53D92E308E3C}
		{3A42A7BD-F5C1-4EAE-A8E4-0DB2B1816DB3} = {16703B76-C9F7-4C75-AE6C-53D92E308E3C}
		{475D44E0-2688-4363-A335-4A032FD925CF} = {16703B76-C9F7-4C75-AE6C-53D92E308E3C}
		{CF9651BB-4DFA-4581-BAA4-EA364C34AACF} = {16703B76-C9F7-4C75-AE6C-53D92E308E3C}
		{2875C686-F11F-4E61-B1FB-47177AB2C62D} = {16703B76-C9F7-4C75-AE6C-53D92E308E3C}
		
		{96C37716-F12A-4267-AD01-C35CAAAE5B60} = {3BA657BF-28B1-42DA-B5B0-1C4601FCF7B1}
		
		{092238BC-13C9-468E-85E9-BF209FC7F3A0} = {3BA657BF-28B1-42DA-B5B0-1C4601FCF7B1}
		{0F949777-3907-4A67-B5BA-EAC8CD61E5C1} = {DAAE4C74-D06F-4874-A166-33305D2643CE}
	EndGlobalSection
EndGlobal
